
Microsoft Visual Studio Solution File, Format Version 12.00
Project("{FAE04EC0-301F-11D3-BF4B-00C04F79EFBC}") = "CultureInfo IFormatProvider DateTime", "CultureInfo IFormatProvider DateTime\CultureInfo IFormatProvider DateTime.csproj", "{6FD8D7BF-E835-4038-8579-D214990C9E05}"
EndProject
Project("{FAE04EC0-301F-11D3-BF4B-00C04F79EFBC}") = "TimeSpan", "TimeSpan\TimeSpan.csproj", "{4CF6669C-D061-4489-A954-CDBE88BD29D1}"
EndProject
Project("{FAE04EC0-301F-11D3-BF4B-00C04F79EFBC}") = "GeneralRes", "GeneralRes\GeneralRes.csproj", "{CE279F0A-589D-484C-BFDA-09B3305CD67A}"
EndProject
Project("{2150E333-8FDC-42A3-9474-1A3956D46DE8}") = "Dates CultureInfo TimeSpan", "Dates CultureInfo TimeSpan", "{35C5F59B-CB11-4839-B91C-0D01153A9B14}"
EndProject
Project("{FAE04EC0-301F-11D3-BF4B-00C04F79EFBC}") = "DateTimeKind ISO8601", "DateTimeKind ISO8601\DateTimeKind ISO8601.csproj", "{CC9A223D-1F78-4275-AF7F-2697AF9C352B}"
EndProject
Project("{FAE04EC0-301F-11D3-BF4B-00C04F79EFBC}") = "Stack vs Heap and Struct vs Class", "Stack vs Heap and Struct vs Class\Stack vs Heap and Struct vs Class.csproj", "{ECE9AFD6-ADE1-4E3A-B7E0-48D2B4765B0D}"
EndProject
Project("{FAE04EC0-301F-11D3-BF4B-00C04F79EFBC}") = "Properties", "Properties\Properties.csproj", "{EE57193C-B13A-4298-B58E-1BB0E2D07660}"
EndProject
Project("{FAE04EC0-301F-11D3-BF4B-00C04F79EFBC}") = "Parameters Modifiers", "Parameters Modifiers\Parameters Modifiers.csproj", "{AA96E298-6FFF-4C81-B887-F41848F99017}"
EndProject
Project("{FAE04EC0-301F-11D3-BF4B-00C04F79EFBC}") = "RefLocals RefReturn", "RefLocals RefReturn\RefLocals RefReturn.csproj", "{D58A3F09-8863-4D19-BADD-DAF8112BD313}"
EndProject
Project("{2150E333-8FDC-42A3-9474-1A3956D46DE8}") = "Parameters", "Parameters", "{1005BFFD-6950-4DCC-AD93-782BA8F7E3D0}"
EndProject
Project("{FAE04EC0-301F-11D3-BF4B-00C04F79EFBC}") = "Params", "Params\Params.csproj", "{2F1FDE8C-F2CD-4362-A309-E53C4443D94E}"
EndProject
Project("{FAE04EC0-301F-11D3-BF4B-00C04F79EFBC}") = "Arrays", "Arrays\Arrays.csproj", "{9BE88764-6812-4D8E-A604-0C03003FD1EC}"
EndProject
Project("{FAE04EC0-301F-11D3-BF4B-00C04F79EFBC}") = "Arrays Methods and Properties", "Arrays Methods and Properties\Arrays Methods and Properties.csproj", "{8D043128-D45C-4865-8394-A309C5A2A88B}"
EndProject
Project("{2150E333-8FDC-42A3-9474-1A3956D46DE8}") = "Arrays", "Arrays", "{331600A5-8D60-4F0D-99F8-DA0E8E1ED288}"
EndProject
Project("{2150E333-8FDC-42A3-9474-1A3956D46DE8}") = "Structs and Classes Stack and Heap", "Structs and Classes Stack and Heap", "{6259341D-ACF2-49A2-ABAF-E6F53C92A075}"
EndProject
Project("{FAE04EC0-301F-11D3-BF4B-00C04F79EFBC}") = "Struct vs Class Performance", "Struct vs Class Performance\Struct vs Class Performance.csproj", "{4A4F7116-227F-485F-BF76-C0FDCD75020B}"
EndProject
Project("{FAE04EC0-301F-11D3-BF4B-00C04F79EFBC}") = "Pointers", "Pointers\Pointers.csproj", "{5FFB641A-2F5C-4DEB-9E9F-8FE304E9281E}"
EndProject
Project("{FAE04EC0-301F-11D3-BF4B-00C04F79EFBC}") = "Test", "Test\Test.csproj", "{13D43032-B5DE-41D8-8544-ABFD4986C03B}"
EndProject
Global
	GlobalSection(SolutionConfigurationPlatforms) = preSolution
		Debug|Any CPU = Debug|Any CPU
		Release|Any CPU = Release|Any CPU
	EndGlobalSection
	GlobalSection(ProjectConfigurationPlatforms) = postSolution
		{6FD8D7BF-E835-4038-8579-D214990C9E05}.Debug|Any CPU.ActiveCfg = Debug|Any CPU
		{6FD8D7BF-E835-4038-8579-D214990C9E05}.Debug|Any CPU.Build.0 = Debug|Any CPU
		{6FD8D7BF-E835-4038-8579-D214990C9E05}.Release|Any CPU.ActiveCfg = Release|Any CPU
		{6FD8D7BF-E835-4038-8579-D214990C9E05}.Release|Any CPU.Build.0 = Release|Any CPU
		{4CF6669C-D061-4489-A954-CDBE88BD29D1}.Debug|Any CPU.ActiveCfg = Debug|Any CPU
		{4CF6669C-D061-4489-A954-CDBE88BD29D1}.Debug|Any CPU.Build.0 = Debug|Any CPU
		{4CF6669C-D061-4489-A954-CDBE88BD29D1}.Release|Any CPU.ActiveCfg = Release|Any CPU
		{4CF6669C-D061-4489-A954-CDBE88BD29D1}.Release|Any CPU.Build.0 = Release|Any CPU
		{CE279F0A-589D-484C-BFDA-09B3305CD67A}.Debug|Any CPU.ActiveCfg = Debug|Any CPU
		{CE279F0A-589D-484C-BFDA-09B3305CD67A}.Debug|Any CPU.Build.0 = Debug|Any CPU
		{CE279F0A-589D-484C-BFDA-09B3305CD67A}.Release|Any CPU.ActiveCfg = Release|Any CPU
		{CE279F0A-589D-484C-BFDA-09B3305CD67A}.Release|Any CPU.Build.0 = Release|Any CPU
		{CC9A223D-1F78-4275-AF7F-2697AF9C352B}.Debug|Any CPU.ActiveCfg = Debug|Any CPU
		{CC9A223D-1F78-4275-AF7F-2697AF9C352B}.Debug|Any CPU.Build.0 = Debug|Any CPU
		{CC9A223D-1F78-4275-AF7F-2697AF9C352B}.Release|Any CPU.ActiveCfg = Release|Any CPU
		{CC9A223D-1F78-4275-AF7F-2697AF9C352B}.Release|Any CPU.Build.0 = Release|Any CPU
		{ECE9AFD6-ADE1-4E3A-B7E0-48D2B4765B0D}.Debug|Any CPU.ActiveCfg = Debug|Any CPU
		{ECE9AFD6-ADE1-4E3A-B7E0-48D2B4765B0D}.Debug|Any CPU.Build.0 = Debug|Any CPU
		{ECE9AFD6-ADE1-4E3A-B7E0-48D2B4765B0D}.Release|Any CPU.ActiveCfg = Release|Any CPU
		{ECE9AFD6-ADE1-4E3A-B7E0-48D2B4765B0D}.Release|Any CPU.Build.0 = Release|Any CPU
		{EE57193C-B13A-4298-B58E-1BB0E2D07660}.Debug|Any CPU.ActiveCfg = Debug|Any CPU
		{EE57193C-B13A-4298-B58E-1BB0E2D07660}.Debug|Any CPU.Build.0 = Debug|Any CPU
		{EE57193C-B13A-4298-B58E-1BB0E2D07660}.Release|Any CPU.ActiveCfg = Release|Any CPU
		{EE57193C-B13A-4298-B58E-1BB0E2D07660}.Release|Any CPU.Build.0 = Release|Any CPU
		{AA96E298-6FFF-4C81-B887-F41848F99017}.Debug|Any CPU.ActiveCfg = Debug|Any CPU
		{AA96E298-6FFF-4C81-B887-F41848F99017}.Debug|Any CPU.Build.0 = Debug|Any CPU
		{AA96E298-6FFF-4C81-B887-F41848F99017}.Release|Any CPU.ActiveCfg = Release|Any CPU
		{AA96E298-6FFF-4C81-B887-F41848F99017}.Release|Any CPU.Build.0 = Release|Any CPU
		{D58A3F09-8863-4D19-BADD-DAF8112BD313}.Debug|Any CPU.ActiveCfg = Debug|Any CPU
		{D58A3F09-8863-4D19-BADD-DAF8112BD313}.Debug|Any CPU.Build.0 = Debug|Any CPU
		{D58A3F09-8863-4D19-BADD-DAF8112BD313}.Release|Any CPU.ActiveCfg = Release|Any CPU
		{D58A3F09-8863-4D19-BADD-DAF8112BD313}.Release|Any CPU.Build.0 = Release|Any CPU
		{2F1FDE8C-F2CD-4362-A309-E53C4443D94E}.Debug|Any CPU.ActiveCfg = Debug|Any CPU
		{2F1FDE8C-F2CD-4362-A309-E53C4443D94E}.Debug|Any CPU.Build.0 = Debug|Any CPU
		{2F1FDE8C-F2CD-4362-A309-E53C4443D94E}.Release|Any CPU.ActiveCfg = Release|Any CPU
		{2F1FDE8C-F2CD-4362-A309-E53C4443D94E}.Release|Any CPU.Build.0 = Release|Any CPU
		{9BE88764-6812-4D8E-A604-0C03003FD1EC}.Debug|Any CPU.ActiveCfg = Debug|Any CPU
		{9BE88764-6812-4D8E-A604-0C03003FD1EC}.Debug|Any CPU.Build.0 = Debug|Any CPU
		{9BE88764-6812-4D8E-A604-0C03003FD1EC}.Release|Any CPU.ActiveCfg = Release|Any CPU
		{9BE88764-6812-4D8E-A604-0C03003FD1EC}.Release|Any CPU.Build.0 = Release|Any CPU
		{8D043128-D45C-4865-8394-A309C5A2A88B}.Debug|Any CPU.ActiveCfg = Debug|Any CPU
		{8D043128-D45C-4865-8394-A309C5A2A88B}.Debug|Any CPU.Build.0 = Debug|Any CPU
		{8D043128-D45C-4865-8394-A309C5A2A88B}.Release|Any CPU.ActiveCfg = Release|Any CPU
		{8D043128-D45C-4865-8394-A309C5A2A88B}.Release|Any CPU.Build.0 = Release|Any CPU
		{4A4F7116-227F-485F-BF76-C0FDCD75020B}.Debug|Any CPU.ActiveCfg = Debug|Any CPU
		{4A4F7116-227F-485F-BF76-C0FDCD75020B}.Debug|Any CPU.Build.0 = Debug|Any CPU
		{4A4F7116-227F-485F-BF76-C0FDCD75020B}.Release|Any CPU.ActiveCfg = Release|Any CPU
		{4A4F7116-227F-485F-BF76-C0FDCD75020B}.Release|Any CPU.Build.0 = Release|Any CPU
		{5FFB641A-2F5C-4DEB-9E9F-8FE304E9281E}.Debug|Any CPU.ActiveCfg = Debug|Any CPU
		{5FFB641A-2F5C-4DEB-9E9F-8FE304E9281E}.Debug|Any CPU.Build.0 = Debug|Any CPU
		{5FFB641A-2F5C-4DEB-9E9F-8FE304E9281E}.Release|Any CPU.ActiveCfg = Release|Any CPU
		{5FFB641A-2F5C-4DEB-9E9F-8FE304E9281E}.Release|Any CPU.Build.0 = Release|Any CPU
		{13D43032-B5DE-41D8-8544-ABFD4986C03B}.Debug|Any CPU.ActiveCfg = Debug|Any CPU
		{13D43032-B5DE-41D8-8544-ABFD4986C03B}.Debug|Any CPU.Build.0 = Debug|Any CPU
		{13D43032-B5DE-41D8-8544-ABFD4986C03B}.Release|Any CPU.ActiveCfg = Release|Any CPU
		{13D43032-B5DE-41D8-8544-ABFD4986C03B}.Release|Any CPU.Build.0 = Release|Any CPU
	EndGlobalSection
	GlobalSection(NestedProjects) = preSolution
		{6FD8D7BF-E835-4038-8579-D214990C9E05} = {35C5F59B-CB11-4839-B91C-0D01153A9B14}
		{4CF6669C-D061-4489-A954-CDBE88BD29D1} = {35C5F59B-CB11-4839-B91C-0D01153A9B14}
		{CC9A223D-1F78-4275-AF7F-2697AF9C352B} = {35C5F59B-CB11-4839-B91C-0D01153A9B14}
		{AA96E298-6FFF-4C81-B887-F41848F99017} = {1005BFFD-6950-4DCC-AD93-782BA8F7E3D0}
		{2F1FDE8C-F2CD-4362-A309-E53C4443D94E} = {1005BFFD-6950-4DCC-AD93-782BA8F7E3D0}
		{9BE88764-6812-4D8E-A604-0C03003FD1EC} = {331600A5-8D60-4F0D-99F8-DA0E8E1ED288}
		{8D043128-D45C-4865-8394-A309C5A2A88B} = {331600A5-8D60-4F0D-99F8-DA0E8E1ED288}
		{ECE9AFD6-ADE1-4E3A-B7E0-48D2B4765B0D} = {6259341D-ACF2-49A2-ABAF-E6F53C92A075}
		{4A4F7116-227F-485F-BF76-C0FDCD75020B} = {6259341D-ACF2-49A2-ABAF-E6F53C92A075}
		{5FFB641A-2F5C-4DEB-9E9F-8FE304E9281E} = {6259341D-ACF2-49A2-ABAF-E6F53C92A075}
	EndGlobalSection
EndGlobal
