
Microsoft Visual Studio Solution File, Format Version 12.00
# Visual Studio Version 17
VisualStudioVersion = 17.3.32804.467
MinimumVisualStudioVersion = 10.0.40219.1
Project("{9A19103F-16F7-4668-BE54-9A1E7A4F7556}") = "CultureInfo IFormatProvider DateTime", "CultureInfo IFormatProvider DateTime\CultureInfo IFormatProvider DateTime.csproj", "{6FD8D7BF-E835-4038-8579-D214990C9E05}"
EndProject
Project("{9A19103F-16F7-4668-BE54-9A1E7A4F7556}") = "TimeSpan", "TimeSpan\TimeSpan.csproj", "{4CF6669C-D061-4489-A954-CDBE88BD29D1}"
EndProject
Project("{9A19103F-16F7-4668-BE54-9A1E7A4F7556}") = "GeneralRes", "GeneralRes\GeneralRes.csproj", "{CE279F0A-589D-484C-BFDA-09B3305CD67A}"
EndProject
Project("{2150E333-8FDC-42A3-9474-1A3956D46DE8}") = "Dates CultureInfo TimeSpan", "Dates CultureInfo TimeSpan", "{35C5F59B-CB11-4839-B91C-0D01153A9B14}"
EndProject
Project("{9A19103F-16F7-4668-BE54-9A1E7A4F7556}") = "DateTimeKind ISO8601", "DateTimeKind ISO8601\DateTimeKind ISO8601.csproj", "{CC9A223D-1F78-4275-AF7F-2697AF9C352B}"
EndProject
Project("{9A19103F-16F7-4668-BE54-9A1E7A4F7556}") = "Stack vs Heap and Struct vs Class", "Stack vs Heap and Struct vs Class\Stack vs Heap and Struct vs Class.csproj", "{ECE9AFD6-ADE1-4E3A-B7E0-48D2B4765B0D}"
EndProject
Project("{9A19103F-16F7-4668-BE54-9A1E7A4F7556}") = "Properties", "Properties\Properties.csproj", "{EE57193C-B13A-4298-B58E-1BB0E2D07660}"
EndProject
Project("{9A19103F-16F7-4668-BE54-9A1E7A4F7556}") = "b. Parameters Modifiers", "b. Parameters Modifiers\b. Parameters Modifiers.csproj", "{AA96E298-6FFF-4C81-B887-F41848F99017}"
EndProject
Project("{9A19103F-16F7-4668-BE54-9A1E7A4F7556}") = "a. RefLocals", "a. RefLocals\a. RefLocals.csproj", "{D58A3F09-8863-4D19-BADD-DAF8112BD313}"
EndProject
Project("{2150E333-8FDC-42A3-9474-1A3956D46DE8}") = "3. Method Parameter Modifiers", "3. Method Parameter Modifiers", "{1005BFFD-6950-4DCC-AD93-782BA8F7E3D0}"
EndProject
Project("{9A19103F-16F7-4668-BE54-9A1E7A4F7556}") = "a. Params", "a. Params\a. Params.csproj", "{2F1FDE8C-F2CD-4362-A309-E53C4443D94E}"
EndProject
Project("{9A19103F-16F7-4668-BE54-9A1E7A4F7556}") = "a. Array Types", "a. Array Types\a. Array Types.csproj", "{9BE88764-6812-4D8E-A604-0C03003FD1EC}"
EndProject
Project("{9A19103F-16F7-4668-BE54-9A1E7A4F7556}") = "b. Array Instace Methods and Properties", "b. Array Instace Methods and Properties\b. Array Instace Methods and Properties.csproj", "{8D043128-D45C-4865-8394-A309C5A2A88B}"
EndProject
Project("{2150E333-8FDC-42A3-9474-1A3956D46DE8}") = "Arrays", "Arrays", "{331600A5-8D60-4F0D-99F8-DA0E8E1ED288}"
EndProject
Project("{2150E333-8FDC-42A3-9474-1A3956D46DE8}") = "1. Stack Heap Structs Classes Pointers Enums", "1. Stack Heap Structs Classes Pointers Enums", "{6259341D-ACF2-49A2-ABAF-E6F53C92A075}"
EndProject
Project("{9A19103F-16F7-4668-BE54-9A1E7A4F7556}") = "Struct vs Class Performance", "Struct vs Class Performance\Struct vs Class Performance.csproj", "{4A4F7116-227F-485F-BF76-C0FDCD75020B}"
EndProject
Project("{9A19103F-16F7-4668-BE54-9A1E7A4F7556}") = "Pointers", "Pointers\Pointers.csproj", "{5FFB641A-2F5C-4DEB-9E9F-8FE304E9281E}"
EndProject
Project("{9A19103F-16F7-4668-BE54-9A1E7A4F7556}") = "c. Array Static Methods and Properties", "c. Array Static Methods and Properties\c. Array Static Methods and Properties.csproj", "{33C846AB-84E9-4E57-83B8-51BF1E833940}"
EndProject
Project("{2150E333-8FDC-42A3-9474-1A3956D46DE8}") = "5. Properties", "5. Properties", "{5DCF0F81-0CAB-4CD7-9B45-F282A563CA4D}"
EndProject
Project("{9A19103F-16F7-4668-BE54-9A1E7A4F7556}") = "Delegates", "Delegates\Delegates.csproj", "{1B60B9F6-964D-4E68-9534-06DD857FB0C2}"
EndProject
Project("{9A19103F-16F7-4668-BE54-9A1E7A4F7556}") = "Expression Body Definition", "Expression Body Definition\Expression Body Definition.csproj", "{3EEDA9BB-C6ED-4F7B-BC12-61A77BFCDBB4}"
EndProject
Project("{2150E333-8FDC-42A3-9474-1A3956D46DE8}") = "4. RefLocals and RefReturn", "4. RefLocals and RefReturn", "{139500FA-1089-4E0F-BCCE-7E70A15A4817}"
EndProject
Project("{2150E333-8FDC-42A3-9474-1A3956D46DE8}") = "2. Expression Body Definition", "2. Expression Body Definition", "{7950AF75-616A-40E3-A141-E25515F2F47F}"
EndProject
Project("{9A19103F-16F7-4668-BE54-9A1E7A4F7556}") = "b. RefReturn", "b. RefReturn\b. RefReturn.csproj", "{726C5DDC-2722-45DA-AE91-BCEEC0A2844F}"
EndProject
Project("{9A19103F-16F7-4668-BE54-9A1E7A4F7556}") = "Tests", "Tests\Tests.csproj", "{BE025B0A-0D71-448C-B9F8-19E6F06D499F}"
EndProject
Project("{9A19103F-16F7-4668-BE54-9A1E7A4F7556}") = "Events", "Events\Events.csproj", "{A4C03EC9-C9D9-4322-BFE7-6C88C5E2CC17}"
EndProject
Project("{9A19103F-16F7-4668-BE54-9A1E7A4F7556}") = "Enum", "Enum\Enum.csproj", "{C68F87CE-F527-45F6-BDBE-2180851EA718}"
EndProject
Project("{2150E333-8FDC-42A3-9474-1A3956D46DE8}") = "6. Delegates", "6. Delegates", "{FDC86F42-F08F-42C2-AB95-2950E0F77D9C}"
EndProject
Project("{FAE04EC0-301F-11D3-BF4B-00C04F79EFBC}") = "Built-in Delegates", "Built-in Delegates\Built-in Delegates.csproj", "{05507B6E-BF4A-44D4-9F19-E7E54134F443}"
EndProject
Global
	GlobalSection(SolutionConfigurationPlatforms) = preSolution
		Debug|Any CPU = Debug|Any CPU
		Debug|x64 = Debug|x64
		Debug|x86 = Debug|x86
		Release|Any CPU = Release|Any CPU
		Release|x64 = Release|x64
		Release|x86 = Release|x86
	EndGlobalSection
	GlobalSection(ProjectConfigurationPlatforms) = postSolution
		{6FD8D7BF-E835-4038-8579-D214990C9E05}.Debug|Any CPU.ActiveCfg = Debug|Any CPU
		{6FD8D7BF-E835-4038-8579-D214990C9E05}.Debug|Any CPU.Build.0 = Debug|Any CPU
		{6FD8D7BF-E835-4038-8579-D214990C9E05}.Debug|x64.ActiveCfg = Debug|Any CPU
		{6FD8D7BF-E835-4038-8579-D214990C9E05}.Debug|x64.Build.0 = Debug|Any CPU
		{6FD8D7BF-E835-4038-8579-D214990C9E05}.Debug|x86.ActiveCfg = Debug|Any CPU
		{6FD8D7BF-E835-4038-8579-D214990C9E05}.Debug|x86.Build.0 = Debug|Any CPU
		{6FD8D7BF-E835-4038-8579-D214990C9E05}.Release|Any CPU.ActiveCfg = Release|Any CPU
		{6FD8D7BF-E835-4038-8579-D214990C9E05}.Release|Any CPU.Build.0 = Release|Any CPU
		{6FD8D7BF-E835-4038-8579-D214990C9E05}.Release|x64.ActiveCfg = Release|Any CPU
		{6FD8D7BF-E835-4038-8579-D214990C9E05}.Release|x64.Build.0 = Release|Any CPU
		{6FD8D7BF-E835-4038-8579-D214990C9E05}.Release|x86.ActiveCfg = Release|Any CPU
		{6FD8D7BF-E835-4038-8579-D214990C9E05}.Release|x86.Build.0 = Release|Any CPU
		{4CF6669C-D061-4489-A954-CDBE88BD29D1}.Debug|Any CPU.ActiveCfg = Debug|Any CPU
		{4CF6669C-D061-4489-A954-CDBE88BD29D1}.Debug|Any CPU.Build.0 = Debug|Any CPU
		{4CF6669C-D061-4489-A954-CDBE88BD29D1}.Debug|x64.ActiveCfg = Debug|Any CPU
		{4CF6669C-D061-4489-A954-CDBE88BD29D1}.Debug|x64.Build.0 = Debug|Any CPU
		{4CF6669C-D061-4489-A954-CDBE88BD29D1}.Debug|x86.ActiveCfg = Debug|Any CPU
		{4CF6669C-D061-4489-A954-CDBE88BD29D1}.Debug|x86.Build.0 = Debug|Any CPU
		{4CF6669C-D061-4489-A954-CDBE88BD29D1}.Release|Any CPU.ActiveCfg = Release|Any CPU
		{4CF6669C-D061-4489-A954-CDBE88BD29D1}.Release|Any CPU.Build.0 = Release|Any CPU
		{4CF6669C-D061-4489-A954-CDBE88BD29D1}.Release|x64.ActiveCfg = Release|Any CPU
		{4CF6669C-D061-4489-A954-CDBE88BD29D1}.Release|x64.Build.0 = Release|Any CPU
		{4CF6669C-D061-4489-A954-CDBE88BD29D1}.Release|x86.ActiveCfg = Release|Any CPU
		{4CF6669C-D061-4489-A954-CDBE88BD29D1}.Release|x86.Build.0 = Release|Any CPU
		{CE279F0A-589D-484C-BFDA-09B3305CD67A}.Debug|Any CPU.ActiveCfg = Debug|Any CPU
		{CE279F0A-589D-484C-BFDA-09B3305CD67A}.Debug|Any CPU.Build.0 = Debug|Any CPU
		{CE279F0A-589D-484C-BFDA-09B3305CD67A}.Debug|x64.ActiveCfg = Debug|Any CPU
		{CE279F0A-589D-484C-BFDA-09B3305CD67A}.Debug|x64.Build.0 = Debug|Any CPU
		{CE279F0A-589D-484C-BFDA-09B3305CD67A}.Debug|x86.ActiveCfg = Debug|Any CPU
		{CE279F0A-589D-484C-BFDA-09B3305CD67A}.Debug|x86.Build.0 = Debug|Any CPU
		{CE279F0A-589D-484C-BFDA-09B3305CD67A}.Release|Any CPU.ActiveCfg = Release|Any CPU
		{CE279F0A-589D-484C-BFDA-09B3305CD67A}.Release|Any CPU.Build.0 = Release|Any CPU
		{CE279F0A-589D-484C-BFDA-09B3305CD67A}.Release|x64.ActiveCfg = Release|Any CPU
		{CE279F0A-589D-484C-BFDA-09B3305CD67A}.Release|x64.Build.0 = Release|Any CPU
		{CE279F0A-589D-484C-BFDA-09B3305CD67A}.Release|x86.ActiveCfg = Release|Any CPU
		{CE279F0A-589D-484C-BFDA-09B3305CD67A}.Release|x86.Build.0 = Release|Any CPU
		{CC9A223D-1F78-4275-AF7F-2697AF9C352B}.Debug|Any CPU.ActiveCfg = Debug|Any CPU
		{CC9A223D-1F78-4275-AF7F-2697AF9C352B}.Debug|Any CPU.Build.0 = Debug|Any CPU
		{CC9A223D-1F78-4275-AF7F-2697AF9C352B}.Debug|x64.ActiveCfg = Debug|Any CPU
		{CC9A223D-1F78-4275-AF7F-2697AF9C352B}.Debug|x64.Build.0 = Debug|Any CPU
		{CC9A223D-1F78-4275-AF7F-2697AF9C352B}.Debug|x86.ActiveCfg = Debug|Any CPU
		{CC9A223D-1F78-4275-AF7F-2697AF9C352B}.Debug|x86.Build.0 = Debug|Any CPU
		{CC9A223D-1F78-4275-AF7F-2697AF9C352B}.Release|Any CPU.ActiveCfg = Release|Any CPU
		{CC9A223D-1F78-4275-AF7F-2697AF9C352B}.Release|Any CPU.Build.0 = Release|Any CPU
		{CC9A223D-1F78-4275-AF7F-2697AF9C352B}.Release|x64.ActiveCfg = Release|Any CPU
		{CC9A223D-1F78-4275-AF7F-2697AF9C352B}.Release|x64.Build.0 = Release|Any CPU
		{CC9A223D-1F78-4275-AF7F-2697AF9C352B}.Release|x86.ActiveCfg = Release|Any CPU
		{CC9A223D-1F78-4275-AF7F-2697AF9C352B}.Release|x86.Build.0 = Release|Any CPU
		{ECE9AFD6-ADE1-4E3A-B7E0-48D2B4765B0D}.Debug|Any CPU.ActiveCfg = Debug|Any CPU
		{ECE9AFD6-ADE1-4E3A-B7E0-48D2B4765B0D}.Debug|Any CPU.Build.0 = Debug|Any CPU
		{ECE9AFD6-ADE1-4E3A-B7E0-48D2B4765B0D}.Debug|x64.ActiveCfg = Debug|Any CPU
		{ECE9AFD6-ADE1-4E3A-B7E0-48D2B4765B0D}.Debug|x64.Build.0 = Debug|Any CPU
		{ECE9AFD6-ADE1-4E3A-B7E0-48D2B4765B0D}.Debug|x86.ActiveCfg = Debug|Any CPU
		{ECE9AFD6-ADE1-4E3A-B7E0-48D2B4765B0D}.Debug|x86.Build.0 = Debug|Any CPU
		{ECE9AFD6-ADE1-4E3A-B7E0-48D2B4765B0D}.Release|Any CPU.ActiveCfg = Release|Any CPU
		{ECE9AFD6-ADE1-4E3A-B7E0-48D2B4765B0D}.Release|Any CPU.Build.0 = Release|Any CPU
		{ECE9AFD6-ADE1-4E3A-B7E0-48D2B4765B0D}.Release|x64.ActiveCfg = Release|Any CPU
		{ECE9AFD6-ADE1-4E3A-B7E0-48D2B4765B0D}.Release|x64.Build.0 = Release|Any CPU
		{ECE9AFD6-ADE1-4E3A-B7E0-48D2B4765B0D}.Release|x86.ActiveCfg = Release|Any CPU
		{ECE9AFD6-ADE1-4E3A-B7E0-48D2B4765B0D}.Release|x86.Build.0 = Release|Any CPU
		{EE57193C-B13A-4298-B58E-1BB0E2D07660}.Debug|Any CPU.ActiveCfg = Debug|Any CPU
		{EE57193C-B13A-4298-B58E-1BB0E2D07660}.Debug|Any CPU.Build.0 = Debug|Any CPU
		{EE57193C-B13A-4298-B58E-1BB0E2D07660}.Debug|x64.ActiveCfg = Debug|Any CPU
		{EE57193C-B13A-4298-B58E-1BB0E2D07660}.Debug|x64.Build.0 = Debug|Any CPU
		{EE57193C-B13A-4298-B58E-1BB0E2D07660}.Debug|x86.ActiveCfg = Debug|Any CPU
		{EE57193C-B13A-4298-B58E-1BB0E2D07660}.Debug|x86.Build.0 = Debug|Any CPU
		{EE57193C-B13A-4298-B58E-1BB0E2D07660}.Release|Any CPU.ActiveCfg = Release|Any CPU
		{EE57193C-B13A-4298-B58E-1BB0E2D07660}.Release|Any CPU.Build.0 = Release|Any CPU
		{EE57193C-B13A-4298-B58E-1BB0E2D07660}.Release|x64.ActiveCfg = Release|Any CPU
		{EE57193C-B13A-4298-B58E-1BB0E2D07660}.Release|x64.Build.0 = Release|Any CPU
		{EE57193C-B13A-4298-B58E-1BB0E2D07660}.Release|x86.ActiveCfg = Release|Any CPU
		{EE57193C-B13A-4298-B58E-1BB0E2D07660}.Release|x86.Build.0 = Release|Any CPU
		{AA96E298-6FFF-4C81-B887-F41848F99017}.Debug|Any CPU.ActiveCfg = Debug|Any CPU
		{AA96E298-6FFF-4C81-B887-F41848F99017}.Debug|Any CPU.Build.0 = Debug|Any CPU
		{AA96E298-6FFF-4C81-B887-F41848F99017}.Debug|x64.ActiveCfg = Debug|Any CPU
		{AA96E298-6FFF-4C81-B887-F41848F99017}.Debug|x64.Build.0 = Debug|Any CPU
		{AA96E298-6FFF-4C81-B887-F41848F99017}.Debug|x86.ActiveCfg = Debug|Any CPU
		{AA96E298-6FFF-4C81-B887-F41848F99017}.Debug|x86.Build.0 = Debug|Any CPU
		{AA96E298-6FFF-4C81-B887-F41848F99017}.Release|Any CPU.ActiveCfg = Release|Any CPU
		{AA96E298-6FFF-4C81-B887-F41848F99017}.Release|Any CPU.Build.0 = Release|Any CPU
		{AA96E298-6FFF-4C81-B887-F41848F99017}.Release|x64.ActiveCfg = Release|Any CPU
		{AA96E298-6FFF-4C81-B887-F41848F99017}.Release|x64.Build.0 = Release|Any CPU
		{AA96E298-6FFF-4C81-B887-F41848F99017}.Release|x86.ActiveCfg = Release|Any CPU
		{AA96E298-6FFF-4C81-B887-F41848F99017}.Release|x86.Build.0 = Release|Any CPU
		{D58A3F09-8863-4D19-BADD-DAF8112BD313}.Debug|Any CPU.ActiveCfg = Debug|Any CPU
		{D58A3F09-8863-4D19-BADD-DAF8112BD313}.Debug|Any CPU.Build.0 = Debug|Any CPU
		{D58A3F09-8863-4D19-BADD-DAF8112BD313}.Debug|x64.ActiveCfg = Debug|Any CPU
		{D58A3F09-8863-4D19-BADD-DAF8112BD313}.Debug|x64.Build.0 = Debug|Any CPU
		{D58A3F09-8863-4D19-BADD-DAF8112BD313}.Debug|x86.ActiveCfg = Debug|Any CPU
		{D58A3F09-8863-4D19-BADD-DAF8112BD313}.Debug|x86.Build.0 = Debug|Any CPU
		{D58A3F09-8863-4D19-BADD-DAF8112BD313}.Release|Any CPU.ActiveCfg = Release|Any CPU
		{D58A3F09-8863-4D19-BADD-DAF8112BD313}.Release|Any CPU.Build.0 = Release|Any CPU
		{D58A3F09-8863-4D19-BADD-DAF8112BD313}.Release|x64.ActiveCfg = Release|Any CPU
		{D58A3F09-8863-4D19-BADD-DAF8112BD313}.Release|x64.Build.0 = Release|Any CPU
		{D58A3F09-8863-4D19-BADD-DAF8112BD313}.Release|x86.ActiveCfg = Release|Any CPU
		{D58A3F09-8863-4D19-BADD-DAF8112BD313}.Release|x86.Build.0 = Release|Any CPU
		{2F1FDE8C-F2CD-4362-A309-E53C4443D94E}.Debug|Any CPU.ActiveCfg = Debug|Any CPU
		{2F1FDE8C-F2CD-4362-A309-E53C4443D94E}.Debug|Any CPU.Build.0 = Debug|Any CPU
		{2F1FDE8C-F2CD-4362-A309-E53C4443D94E}.Debug|x64.ActiveCfg = Debug|Any CPU
		{2F1FDE8C-F2CD-4362-A309-E53C4443D94E}.Debug|x64.Build.0 = Debug|Any CPU
		{2F1FDE8C-F2CD-4362-A309-E53C4443D94E}.Debug|x86.ActiveCfg = Debug|Any CPU
		{2F1FDE8C-F2CD-4362-A309-E53C4443D94E}.Debug|x86.Build.0 = Debug|Any CPU
		{2F1FDE8C-F2CD-4362-A309-E53C4443D94E}.Release|Any CPU.ActiveCfg = Release|Any CPU
		{2F1FDE8C-F2CD-4362-A309-E53C4443D94E}.Release|Any CPU.Build.0 = Release|Any CPU
		{2F1FDE8C-F2CD-4362-A309-E53C4443D94E}.Release|x64.ActiveCfg = Release|Any CPU
		{2F1FDE8C-F2CD-4362-A309-E53C4443D94E}.Release|x64.Build.0 = Release|Any CPU
		{2F1FDE8C-F2CD-4362-A309-E53C4443D94E}.Release|x86.ActiveCfg = Release|Any CPU
		{2F1FDE8C-F2CD-4362-A309-E53C4443D94E}.Release|x86.Build.0 = Release|Any CPU
		{9BE88764-6812-4D8E-A604-0C03003FD1EC}.Debug|Any CPU.ActiveCfg = Debug|Any CPU
		{9BE88764-6812-4D8E-A604-0C03003FD1EC}.Debug|Any CPU.Build.0 = Debug|Any CPU
		{9BE88764-6812-4D8E-A604-0C03003FD1EC}.Debug|x64.ActiveCfg = Debug|Any CPU
		{9BE88764-6812-4D8E-A604-0C03003FD1EC}.Debug|x64.Build.0 = Debug|Any CPU
		{9BE88764-6812-4D8E-A604-0C03003FD1EC}.Debug|x86.ActiveCfg = Debug|Any CPU
		{9BE88764-6812-4D8E-A604-0C03003FD1EC}.Debug|x86.Build.0 = Debug|Any CPU
		{9BE88764-6812-4D8E-A604-0C03003FD1EC}.Release|Any CPU.ActiveCfg = Release|Any CPU
		{9BE88764-6812-4D8E-A604-0C03003FD1EC}.Release|Any CPU.Build.0 = Release|Any CPU
		{9BE88764-6812-4D8E-A604-0C03003FD1EC}.Release|x64.ActiveCfg = Release|Any CPU
		{9BE88764-6812-4D8E-A604-0C03003FD1EC}.Release|x64.Build.0 = Release|Any CPU
		{9BE88764-6812-4D8E-A604-0C03003FD1EC}.Release|x86.ActiveCfg = Release|Any CPU
		{9BE88764-6812-4D8E-A604-0C03003FD1EC}.Release|x86.Build.0 = Release|Any CPU
		{8D043128-D45C-4865-8394-A309C5A2A88B}.Debug|Any CPU.ActiveCfg = Debug|Any CPU
		{8D043128-D45C-4865-8394-A309C5A2A88B}.Debug|Any CPU.Build.0 = Debug|Any CPU
		{8D043128-D45C-4865-8394-A309C5A2A88B}.Debug|x64.ActiveCfg = Debug|Any CPU
		{8D043128-D45C-4865-8394-A309C5A2A88B}.Debug|x64.Build.0 = Debug|Any CPU
		{8D043128-D45C-4865-8394-A309C5A2A88B}.Debug|x86.ActiveCfg = Debug|Any CPU
		{8D043128-D45C-4865-8394-A309C5A2A88B}.Debug|x86.Build.0 = Debug|Any CPU
		{8D043128-D45C-4865-8394-A309C5A2A88B}.Release|Any CPU.ActiveCfg = Release|Any CPU
		{8D043128-D45C-4865-8394-A309C5A2A88B}.Release|Any CPU.Build.0 = Release|Any CPU
		{8D043128-D45C-4865-8394-A309C5A2A88B}.Release|x64.ActiveCfg = Release|Any CPU
		{8D043128-D45C-4865-8394-A309C5A2A88B}.Release|x64.Build.0 = Release|Any CPU
		{8D043128-D45C-4865-8394-A309C5A2A88B}.Release|x86.ActiveCfg = Release|Any CPU
		{8D043128-D45C-4865-8394-A309C5A2A88B}.Release|x86.Build.0 = Release|Any CPU
		{4A4F7116-227F-485F-BF76-C0FDCD75020B}.Debug|Any CPU.ActiveCfg = Debug|Any CPU
		{4A4F7116-227F-485F-BF76-C0FDCD75020B}.Debug|Any CPU.Build.0 = Debug|Any CPU
		{4A4F7116-227F-485F-BF76-C0FDCD75020B}.Debug|x64.ActiveCfg = Debug|Any CPU
		{4A4F7116-227F-485F-BF76-C0FDCD75020B}.Debug|x64.Build.0 = Debug|Any CPU
		{4A4F7116-227F-485F-BF76-C0FDCD75020B}.Debug|x86.ActiveCfg = Debug|Any CPU
		{4A4F7116-227F-485F-BF76-C0FDCD75020B}.Debug|x86.Build.0 = Debug|Any CPU
		{4A4F7116-227F-485F-BF76-C0FDCD75020B}.Release|Any CPU.ActiveCfg = Release|Any CPU
		{4A4F7116-227F-485F-BF76-C0FDCD75020B}.Release|Any CPU.Build.0 = Release|Any CPU
		{4A4F7116-227F-485F-BF76-C0FDCD75020B}.Release|x64.ActiveCfg = Release|Any CPU
		{4A4F7116-227F-485F-BF76-C0FDCD75020B}.Release|x64.Build.0 = Release|Any CPU
		{4A4F7116-227F-485F-BF76-C0FDCD75020B}.Release|x86.ActiveCfg = Release|Any CPU
		{4A4F7116-227F-485F-BF76-C0FDCD75020B}.Release|x86.Build.0 = Release|Any CPU
		{5FFB641A-2F5C-4DEB-9E9F-8FE304E9281E}.Debug|Any CPU.ActiveCfg = Debug|Any CPU
		{5FFB641A-2F5C-4DEB-9E9F-8FE304E9281E}.Debug|Any CPU.Build.0 = Debug|Any CPU
		{5FFB641A-2F5C-4DEB-9E9F-8FE304E9281E}.Debug|x64.ActiveCfg = Debug|Any CPU
		{5FFB641A-2F5C-4DEB-9E9F-8FE304E9281E}.Debug|x64.Build.0 = Debug|Any CPU
		{5FFB641A-2F5C-4DEB-9E9F-8FE304E9281E}.Debug|x86.ActiveCfg = Debug|Any CPU
		{5FFB641A-2F5C-4DEB-9E9F-8FE304E9281E}.Debug|x86.Build.0 = Debug|Any CPU
		{5FFB641A-2F5C-4DEB-9E9F-8FE304E9281E}.Release|Any CPU.ActiveCfg = Release|Any CPU
		{5FFB641A-2F5C-4DEB-9E9F-8FE304E9281E}.Release|Any CPU.Build.0 = Release|Any CPU
		{5FFB641A-2F5C-4DEB-9E9F-8FE304E9281E}.Release|x64.ActiveCfg = Release|Any CPU
		{5FFB641A-2F5C-4DEB-9E9F-8FE304E9281E}.Release|x64.Build.0 = Release|Any CPU
		{5FFB641A-2F5C-4DEB-9E9F-8FE304E9281E}.Release|x86.ActiveCfg = Release|Any CPU
		{5FFB641A-2F5C-4DEB-9E9F-8FE304E9281E}.Release|x86.Build.0 = Release|Any CPU
		{33C846AB-84E9-4E57-83B8-51BF1E833940}.Debug|Any CPU.ActiveCfg = Debug|Any CPU
		{33C846AB-84E9-4E57-83B8-51BF1E833940}.Debug|Any CPU.Build.0 = Debug|Any CPU
		{33C846AB-84E9-4E57-83B8-51BF1E833940}.Debug|x64.ActiveCfg = Debug|Any CPU
		{33C846AB-84E9-4E57-83B8-51BF1E833940}.Debug|x64.Build.0 = Debug|Any CPU
		{33C846AB-84E9-4E57-83B8-51BF1E833940}.Debug|x86.ActiveCfg = Debug|Any CPU
		{33C846AB-84E9-4E57-83B8-51BF1E833940}.Debug|x86.Build.0 = Debug|Any CPU
		{33C846AB-84E9-4E57-83B8-51BF1E833940}.Release|Any CPU.ActiveCfg = Release|Any CPU
		{33C846AB-84E9-4E57-83B8-51BF1E833940}.Release|Any CPU.Build.0 = Release|Any CPU
		{33C846AB-84E9-4E57-83B8-51BF1E833940}.Release|x64.ActiveCfg = Release|Any CPU
		{33C846AB-84E9-4E57-83B8-51BF1E833940}.Release|x64.Build.0 = Release|Any CPU
		{33C846AB-84E9-4E57-83B8-51BF1E833940}.Release|x86.ActiveCfg = Release|Any CPU
		{33C846AB-84E9-4E57-83B8-51BF1E833940}.Release|x86.Build.0 = Release|Any CPU
		{1B60B9F6-964D-4E68-9534-06DD857FB0C2}.Debug|Any CPU.ActiveCfg = Debug|Any CPU
		{1B60B9F6-964D-4E68-9534-06DD857FB0C2}.Debug|Any CPU.Build.0 = Debug|Any CPU
		{1B60B9F6-964D-4E68-9534-06DD857FB0C2}.Debug|x64.ActiveCfg = Debug|Any CPU
		{1B60B9F6-964D-4E68-9534-06DD857FB0C2}.Debug|x64.Build.0 = Debug|Any CPU
		{1B60B9F6-964D-4E68-9534-06DD857FB0C2}.Debug|x86.ActiveCfg = Debug|Any CPU
		{1B60B9F6-964D-4E68-9534-06DD857FB0C2}.Debug|x86.Build.0 = Debug|Any CPU
		{1B60B9F6-964D-4E68-9534-06DD857FB0C2}.Release|Any CPU.ActiveCfg = Release|Any CPU
		{1B60B9F6-964D-4E68-9534-06DD857FB0C2}.Release|Any CPU.Build.0 = Release|Any CPU
		{1B60B9F6-964D-4E68-9534-06DD857FB0C2}.Release|x64.ActiveCfg = Release|Any CPU
		{1B60B9F6-964D-4E68-9534-06DD857FB0C2}.Release|x64.Build.0 = Release|Any CPU
		{1B60B9F6-964D-4E68-9534-06DD857FB0C2}.Release|x86.ActiveCfg = Release|Any CPU
		{1B60B9F6-964D-4E68-9534-06DD857FB0C2}.Release|x86.Build.0 = Release|Any CPU
		{3EEDA9BB-C6ED-4F7B-BC12-61A77BFCDBB4}.Debug|Any CPU.ActiveCfg = Debug|Any CPU
		{3EEDA9BB-C6ED-4F7B-BC12-61A77BFCDBB4}.Debug|Any CPU.Build.0 = Debug|Any CPU
		{3EEDA9BB-C6ED-4F7B-BC12-61A77BFCDBB4}.Debug|x64.ActiveCfg = Debug|Any CPU
		{3EEDA9BB-C6ED-4F7B-BC12-61A77BFCDBB4}.Debug|x64.Build.0 = Debug|Any CPU
		{3EEDA9BB-C6ED-4F7B-BC12-61A77BFCDBB4}.Debug|x86.ActiveCfg = Debug|Any CPU
		{3EEDA9BB-C6ED-4F7B-BC12-61A77BFCDBB4}.Debug|x86.Build.0 = Debug|Any CPU
		{3EEDA9BB-C6ED-4F7B-BC12-61A77BFCDBB4}.Release|Any CPU.ActiveCfg = Release|Any CPU
		{3EEDA9BB-C6ED-4F7B-BC12-61A77BFCDBB4}.Release|Any CPU.Build.0 = Release|Any CPU
		{3EEDA9BB-C6ED-4F7B-BC12-61A77BFCDBB4}.Release|x64.ActiveCfg = Release|Any CPU
		{3EEDA9BB-C6ED-4F7B-BC12-61A77BFCDBB4}.Release|x64.Build.0 = Release|Any CPU
		{3EEDA9BB-C6ED-4F7B-BC12-61A77BFCDBB4}.Release|x86.ActiveCfg = Release|Any CPU
		{3EEDA9BB-C6ED-4F7B-BC12-61A77BFCDBB4}.Release|x86.Build.0 = Release|Any CPU
		{726C5DDC-2722-45DA-AE91-BCEEC0A2844F}.Debug|Any CPU.ActiveCfg = Debug|Any CPU
		{726C5DDC-2722-45DA-AE91-BCEEC0A2844F}.Debug|Any CPU.Build.0 = Debug|Any CPU
		{726C5DDC-2722-45DA-AE91-BCEEC0A2844F}.Debug|x64.ActiveCfg = Debug|Any CPU
		{726C5DDC-2722-45DA-AE91-BCEEC0A2844F}.Debug|x64.Build.0 = Debug|Any CPU
		{726C5DDC-2722-45DA-AE91-BCEEC0A2844F}.Debug|x86.ActiveCfg = Debug|Any CPU
		{726C5DDC-2722-45DA-AE91-BCEEC0A2844F}.Debug|x86.Build.0 = Debug|Any CPU
		{726C5DDC-2722-45DA-AE91-BCEEC0A2844F}.Release|Any CPU.ActiveCfg = Release|Any CPU
		{726C5DDC-2722-45DA-AE91-BCEEC0A2844F}.Release|Any CPU.Build.0 = Release|Any CPU
		{726C5DDC-2722-45DA-AE91-BCEEC0A2844F}.Release|x64.ActiveCfg = Release|Any CPU
		{726C5DDC-2722-45DA-AE91-BCEEC0A2844F}.Release|x64.Build.0 = Release|Any CPU
		{726C5DDC-2722-45DA-AE91-BCEEC0A2844F}.Release|x86.ActiveCfg = Release|Any CPU
		{726C5DDC-2722-45DA-AE91-BCEEC0A2844F}.Release|x86.Build.0 = Release|Any CPU
		{BE025B0A-0D71-448C-B9F8-19E6F06D499F}.Debug|Any CPU.ActiveCfg = Debug|Any CPU
		{BE025B0A-0D71-448C-B9F8-19E6F06D499F}.Debug|Any CPU.Build.0 = Debug|Any CPU
		{BE025B0A-0D71-448C-B9F8-19E6F06D499F}.Debug|x64.ActiveCfg = Debug|Any CPU
		{BE025B0A-0D71-448C-B9F8-19E6F06D499F}.Debug|x64.Build.0 = Debug|Any CPU
		{BE025B0A-0D71-448C-B9F8-19E6F06D499F}.Debug|x86.ActiveCfg = Debug|Any CPU
		{BE025B0A-0D71-448C-B9F8-19E6F06D499F}.Debug|x86.Build.0 = Debug|Any CPU
		{BE025B0A-0D71-448C-B9F8-19E6F06D499F}.Release|Any CPU.ActiveCfg = Release|Any CPU
		{BE025B0A-0D71-448C-B9F8-19E6F06D499F}.Release|Any CPU.Build.0 = Release|Any CPU
		{BE025B0A-0D71-448C-B9F8-19E6F06D499F}.Release|x64.ActiveCfg = Release|Any CPU
		{BE025B0A-0D71-448C-B9F8-19E6F06D499F}.Release|x64.Build.0 = Release|Any CPU
		{BE025B0A-0D71-448C-B9F8-19E6F06D499F}.Release|x86.ActiveCfg = Release|Any CPU
		{BE025B0A-0D71-448C-B9F8-19E6F06D499F}.Release|x86.Build.0 = Release|Any CPU
		{A4C03EC9-C9D9-4322-BFE7-6C88C5E2CC17}.Debug|Any CPU.ActiveCfg = Debug|Any CPU
		{A4C03EC9-C9D9-4322-BFE7-6C88C5E2CC17}.Debug|Any CPU.Build.0 = Debug|Any CPU
		{A4C03EC9-C9D9-4322-BFE7-6C88C5E2CC17}.Debug|x64.ActiveCfg = Debug|Any CPU
		{A4C03EC9-C9D9-4322-BFE7-6C88C5E2CC17}.Debug|x64.Build.0 = Debug|Any CPU
		{A4C03EC9-C9D9-4322-BFE7-6C88C5E2CC17}.Debug|x86.ActiveCfg = Debug|Any CPU
		{A4C03EC9-C9D9-4322-BFE7-6C88C5E2CC17}.Debug|x86.Build.0 = Debug|Any CPU
		{A4C03EC9-C9D9-4322-BFE7-6C88C5E2CC17}.Release|Any CPU.ActiveCfg = Release|Any CPU
		{A4C03EC9-C9D9-4322-BFE7-6C88C5E2CC17}.Release|Any CPU.Build.0 = Release|Any CPU
		{A4C03EC9-C9D9-4322-BFE7-6C88C5E2CC17}.Release|x64.ActiveCfg = Release|Any CPU
		{A4C03EC9-C9D9-4322-BFE7-6C88C5E2CC17}.Release|x64.Build.0 = Release|Any CPU
		{A4C03EC9-C9D9-4322-BFE7-6C88C5E2CC17}.Release|x86.ActiveCfg = Release|Any CPU
		{A4C03EC9-C9D9-4322-BFE7-6C88C5E2CC17}.Release|x86.Build.0 = Release|Any CPU
		{C68F87CE-F527-45F6-BDBE-2180851EA718}.Debug|Any CPU.ActiveCfg = Debug|Any CPU
		{C68F87CE-F527-45F6-BDBE-2180851EA718}.Debug|Any CPU.Build.0 = Debug|Any CPU
		{C68F87CE-F527-45F6-BDBE-2180851EA718}.Debug|x64.ActiveCfg = Debug|Any CPU
		{C68F87CE-F527-45F6-BDBE-2180851EA718}.Debug|x64.Build.0 = Debug|Any CPU
		{C68F87CE-F527-45F6-BDBE-2180851EA718}.Debug|x86.ActiveCfg = Debug|Any CPU
		{C68F87CE-F527-45F6-BDBE-2180851EA718}.Debug|x86.Build.0 = Debug|Any CPU
		{C68F87CE-F527-45F6-BDBE-2180851EA718}.Release|Any CPU.ActiveCfg = Release|Any CPU
		{C68F87CE-F527-45F6-BDBE-2180851EA718}.Release|Any CPU.Build.0 = Release|Any CPU
		{C68F87CE-F527-45F6-BDBE-2180851EA718}.Release|x64.ActiveCfg = Release|Any CPU
		{C68F87CE-F527-45F6-BDBE-2180851EA718}.Release|x64.Build.0 = Release|Any CPU
		{C68F87CE-F527-45F6-BDBE-2180851EA718}.Release|x86.ActiveCfg = Release|Any CPU
		{C68F87CE-F527-45F6-BDBE-2180851EA718}.Release|x86.Build.0 = Release|Any CPU
		{05507B6E-BF4A-44D4-9F19-E7E54134F443}.Debug|Any CPU.ActiveCfg = Debug|Any CPU
		{05507B6E-BF4A-44D4-9F19-E7E54134F443}.Debug|Any CPU.Build.0 = Debug|Any CPU
		{05507B6E-BF4A-44D4-9F19-E7E54134F443}.Debug|x64.ActiveCfg = Debug|Any CPU
		{05507B6E-BF4A-44D4-9F19-E7E54134F443}.Debug|x64.Build.0 = Debug|Any CPU
		{05507B6E-BF4A-44D4-9F19-E7E54134F443}.Debug|x86.ActiveCfg = Debug|Any CPU
		{05507B6E-BF4A-44D4-9F19-E7E54134F443}.Debug|x86.Build.0 = Debug|Any CPU
		{05507B6E-BF4A-44D4-9F19-E7E54134F443}.Release|Any CPU.ActiveCfg = Release|Any CPU
		{05507B6E-BF4A-44D4-9F19-E7E54134F443}.Release|Any CPU.Build.0 = Release|Any CPU
		{05507B6E-BF4A-44D4-9F19-E7E54134F443}.Release|x64.ActiveCfg = Release|Any CPU
		{05507B6E-BF4A-44D4-9F19-E7E54134F443}.Release|x64.Build.0 = Release|Any CPU
		{05507B6E-BF4A-44D4-9F19-E7E54134F443}.Release|x86.ActiveCfg = Release|Any CPU
		{05507B6E-BF4A-44D4-9F19-E7E54134F443}.Release|x86.Build.0 = Release|Any CPU
	EndGlobalSection
	GlobalSection(SolutionProperties) = preSolution
		HideSolutionNode = FALSE
	EndGlobalSection
	GlobalSection(NestedProjects) = preSolution
		{6FD8D7BF-E835-4038-8579-D214990C9E05} = {35C5F59B-CB11-4839-B91C-0D01153A9B14}
		{4CF6669C-D061-4489-A954-CDBE88BD29D1} = {35C5F59B-CB11-4839-B91C-0D01153A9B14}
		{CC9A223D-1F78-4275-AF7F-2697AF9C352B} = {35C5F59B-CB11-4839-B91C-0D01153A9B14}
		{ECE9AFD6-ADE1-4E3A-B7E0-48D2B4765B0D} = {6259341D-ACF2-49A2-ABAF-E6F53C92A075}
		{EE57193C-B13A-4298-B58E-1BB0E2D07660} = {5DCF0F81-0CAB-4CD7-9B45-F282A563CA4D}
		{AA96E298-6FFF-4C81-B887-F41848F99017} = {1005BFFD-6950-4DCC-AD93-782BA8F7E3D0}
		{D58A3F09-8863-4D19-BADD-DAF8112BD313} = {139500FA-1089-4E0F-BCCE-7E70A15A4817}
		{2F1FDE8C-F2CD-4362-A309-E53C4443D94E} = {1005BFFD-6950-4DCC-AD93-782BA8F7E3D0}
		{9BE88764-6812-4D8E-A604-0C03003FD1EC} = {331600A5-8D60-4F0D-99F8-DA0E8E1ED288}
		{8D043128-D45C-4865-8394-A309C5A2A88B} = {331600A5-8D60-4F0D-99F8-DA0E8E1ED288}
		{4A4F7116-227F-485F-BF76-C0FDCD75020B} = {6259341D-ACF2-49A2-ABAF-E6F53C92A075}
		{5FFB641A-2F5C-4DEB-9E9F-8FE304E9281E} = {6259341D-ACF2-49A2-ABAF-E6F53C92A075}
		{33C846AB-84E9-4E57-83B8-51BF1E833940} = {331600A5-8D60-4F0D-99F8-DA0E8E1ED288}
		{1B60B9F6-964D-4E68-9534-06DD857FB0C2} = {FDC86F42-F08F-42C2-AB95-2950E0F77D9C}
		{3EEDA9BB-C6ED-4F7B-BC12-61A77BFCDBB4} = {7950AF75-616A-40E3-A141-E25515F2F47F}
		{726C5DDC-2722-45DA-AE91-BCEEC0A2844F} = {139500FA-1089-4E0F-BCCE-7E70A15A4817}
		{C68F87CE-F527-45F6-BDBE-2180851EA718} = {6259341D-ACF2-49A2-ABAF-E6F53C92A075}
		{05507B6E-BF4A-44D4-9F19-E7E54134F443} = {FDC86F42-F08F-42C2-AB95-2950E0F77D9C}
	EndGlobalSection
	GlobalSection(ExtensibilityGlobals) = postSolution
		SolutionGuid = {2A6BAB7E-0585-47F3-AFD4-3B12E3598AF0}
	EndGlobalSection
EndGlobal
