
Microsoft Visual Studio Solution File, Format Version 12.00
# Visual Studio Version 17
VisualStudioVersion = 17.3.32804.467
MinimumVisualStudioVersion = 10.0.40219.1
Project("{9A19103F-16F7-4668-BE54-9A1E7A4F7556}") = "CultureInfo IFormatProvider DateTime", "CultureInfo IFormatProvider DateTime\CultureInfo IFormatProvider DateTime.csproj", "{6FD8D7BF-E835-4038-8579-D214990C9E05}"
EndProject
Project("{9A19103F-16F7-4668-BE54-9A1E7A4F7556}") = "TimeSpan", "TimeSpan\TimeSpan.csproj", "{4CF6669C-D061-4489-A954-CDBE88BD29D1}"
EndProject
Project("{9A19103F-16F7-4668-BE54-9A1E7A4F7556}") = "GeneralRes", "GeneralRes\GeneralRes.csproj", "{CE279F0A-589D-484C-BFDA-09B3305CD67A}"
EndProject
Project("{2150E333-8FDC-42A3-9474-1A3956D46DE8}") = "Dates CultureInfo TimeSpan", "Dates CultureInfo TimeSpan", "{35C5F59B-CB11-4839-B91C-0D01153A9B14}"
EndProject
Project("{9A19103F-16F7-4668-BE54-9A1E7A4F7556}") = "DateTimeKind ISO8601", "DateTimeKind ISO8601\DateTimeKind ISO8601.csproj", "{CC9A223D-1F78-4275-AF7F-2697AF9C352B}"
EndProject
Project("{9A19103F-16F7-4668-BE54-9A1E7A4F7556}") = "a. Stack vs Heap and Struct vs Class", "a. Stack vs Heap and Struct vs Class\a. Stack vs Heap and Struct vs Class.csproj", "{ECE9AFD6-ADE1-4E3A-B7E0-48D2B4765B0D}"
EndProject
Project("{9A19103F-16F7-4668-BE54-9A1E7A4F7556}") = "a. Properties", "a. Properties\a. Properties.csproj", "{EE57193C-B13A-4298-B58E-1BB0E2D07660}"
EndProject
Project("{9A19103F-16F7-4668-BE54-9A1E7A4F7556}") = "b. Parameters Modifiers", "b. Parameters Modifiers\b. Parameters Modifiers.csproj", "{AA96E298-6FFF-4C81-B887-F41848F99017}"
EndProject
Project("{9A19103F-16F7-4668-BE54-9A1E7A4F7556}") = "a. RefLocals", "a. RefLocals\a. RefLocals.csproj", "{D58A3F09-8863-4D19-BADD-DAF8112BD313}"
EndProject
Project("{2150E333-8FDC-42A3-9474-1A3956D46DE8}") = "4. Method Parameter Modifiers", "4. Method Parameter Modifiers", "{1005BFFD-6950-4DCC-AD93-782BA8F7E3D0}"
EndProject
Project("{9A19103F-16F7-4668-BE54-9A1E7A4F7556}") = "a. Params", "a. Params\a. Params.csproj", "{2F1FDE8C-F2CD-4362-A309-E53C4443D94E}"
EndProject
Project("{9A19103F-16F7-4668-BE54-9A1E7A4F7556}") = "a. Arrays", "a. Arrays\a. Arrays.csproj", "{9BE88764-6812-4D8E-A604-0C03003FD1EC}"
EndProject
Project("{9A19103F-16F7-4668-BE54-9A1E7A4F7556}") = "b. Array Instace Methods and Properties", "b. Array Instace Methods and Properties\b. Array Instace Methods and Properties.csproj", "{8D043128-D45C-4865-8394-A309C5A2A88B}"
EndProject
Project("{2150E333-8FDC-42A3-9474-1A3956D46DE8}") = "7. Arrays", "7. Arrays", "{331600A5-8D60-4F0D-99F8-DA0E8E1ED288}"
EndProject
Project("{2150E333-8FDC-42A3-9474-1A3956D46DE8}") = "1. Stack Heap Structs Classes Pointers Constructors Enums", "1. Stack Heap Structs Classes Pointers Constructors Enums", "{6259341D-ACF2-49A2-ABAF-E6F53C92A075}"
EndProject
Project("{9A19103F-16F7-4668-BE54-9A1E7A4F7556}") = "b. Struct vs Class Performance", "b. Struct vs Class Performance\b. Struct vs Class Performance.csproj", "{4A4F7116-227F-485F-BF76-C0FDCD75020B}"
EndProject
Project("{9A19103F-16F7-4668-BE54-9A1E7A4F7556}") = "c. Pointers", "c. Pointers\c. Pointers.csproj", "{5FFB641A-2F5C-4DEB-9E9F-8FE304E9281E}"
EndProject
Project("{9A19103F-16F7-4668-BE54-9A1E7A4F7556}") = "c. Array Static Methods and Properties", "c. Array Static Methods and Properties\c. Array Static Methods and Properties.csproj", "{33C846AB-84E9-4E57-83B8-51BF1E833940}"
EndProject
Project("{2150E333-8FDC-42A3-9474-1A3956D46DE8}") = "3. Properties", "3. Properties", "{5DCF0F81-0CAB-4CD7-9B45-F282A563CA4D}"
EndProject
Project("{9A19103F-16F7-4668-BE54-9A1E7A4F7556}") = "a. Delegates", "a. Delegates\a. Delegates.csproj", "{1B60B9F6-964D-4E68-9534-06DD857FB0C2}"
EndProject
Project("{9A19103F-16F7-4668-BE54-9A1E7A4F7556}") = "Expression Body Definition", "Expression Body Definition\Expression Body Definition.csproj", "{3EEDA9BB-C6ED-4F7B-BC12-61A77BFCDBB4}"
EndProject
Project("{2150E333-8FDC-42A3-9474-1A3956D46DE8}") = "5. RefLocals and RefReturn", "5. RefLocals and RefReturn", "{139500FA-1089-4E0F-BCCE-7E70A15A4817}"
EndProject
Project("{2150E333-8FDC-42A3-9474-1A3956D46DE8}") = "2. Expression Body Definition", "2. Expression Body Definition", "{7950AF75-616A-40E3-A141-E25515F2F47F}"
EndProject
Project("{9A19103F-16F7-4668-BE54-9A1E7A4F7556}") = "b. RefReturn", "b. RefReturn\b. RefReturn.csproj", "{726C5DDC-2722-45DA-AE91-BCEEC0A2844F}"
EndProject
Project("{9A19103F-16F7-4668-BE54-9A1E7A4F7556}") = "Test1", "Test1\Test1.csproj", "{BE025B0A-0D71-448C-B9F8-19E6F06D499F}"
EndProject
Project("{9A19103F-16F7-4668-BE54-9A1E7A4F7556}") = "Events", "Events\Events.csproj", "{A4C03EC9-C9D9-4322-BFE7-6C88C5E2CC17}"
EndProject
Project("{9A19103F-16F7-4668-BE54-9A1E7A4F7556}") = "g. Enums", "g. Enums\g. Enums.csproj", "{C68F87CE-F527-45F6-BDBE-2180851EA718}"
EndProject
Project("{2150E333-8FDC-42A3-9474-1A3956D46DE8}") = "6. Delegates", "6. Delegates", "{FDC86F42-F08F-42C2-AB95-2950E0F77D9C}"
EndProject
Project("{FAE04EC0-301F-11D3-BF4B-00C04F79EFBC}") = "b. Built-in Delegates", "b. Built-in Delegates\b. Built-in Delegates.csproj", "{05507B6E-BF4A-44D4-9F19-E7E54134F443}"
EndProject
Project("{FAE04EC0-301F-11D3-BF4B-00C04F79EFBC}") = "e. Constructor Chaining", "e. Constructor Chaining\e. Constructor Chaining.csproj", "{F68F6472-F005-4591-A944-6A75F048439C}"
EndProject
Project("{FAE04EC0-301F-11D3-BF4B-00C04F79EFBC}") = "d. Static Class and Static Constructor", "d. Static Class and Static Constructor\d. Static Class and Static Constructor.csproj", "{FD8E13C6-DE03-4065-90CE-014AAA3F1E55}"
EndProject
Project("{FAE04EC0-301F-11D3-BF4B-00C04F79EFBC}") = "f. Static Class", "f. Static Class\f. Static Class.csproj", "{3F8AB3F8-7BE7-4A73-B3B4-6F1B181B4F8C}"
EndProject
Project("{2150E333-8FDC-42A3-9474-1A3956D46DE8}") = "Switch Expression and Switch Patterns", "Switch Expression and Switch Patterns", "{5E2671B6-8AC4-4B16-9371-474C35611AA1}"
EndProject
Project("{FAE04EC0-301F-11D3-BF4B-00C04F79EFBC}") = "Regular Switch vs Switch Expression", "Regular Switch vs Switch Expression\Regular Switch vs Switch Expression.csproj", "{87B2E13A-507B-4284-95DA-FC2A0DD296CC}"
EndProject
Project("{FAE04EC0-301F-11D3-BF4B-00C04F79EFBC}") = "Switch Patterns", "Switch Patterns\Switch Patterns.csproj", "{23BE184A-8909-4FC9-9301-1CCD93100F2D}"
EndProject
Project("{FAE04EC0-301F-11D3-BF4B-00C04F79EFBC}") = "Atividade Enum", "Atividade Enum\Atividade Enum.csproj", "{19A09D9D-0FE2-4296-B709-A9732F9B6F26}"
EndProject
Project("{2150E333-8FDC-42A3-9474-1A3956D46DE8}") = "Atividades", "Atividades", "{8E2A0674-20EC-46FA-956A-413F74F8E3DC}"
EndProject
Project("{FAE04EC0-301F-11D3-BF4B-00C04F79EFBC}") = "Test2", "Test2\Test2.csproj", "{E61D3433-4903-4076-8C9B-BE45C21BCB2B}"
EndProject
Project("{FAE04EC0-301F-11D3-BF4B-00C04F79EFBC}") = "Social Media Post", "Social Media Post\Social Media Post.csproj", "{995D2A95-EE83-4412-BE9A-13B12061D96C}"
EndProject
Project("{2150E333-8FDC-42A3-9474-1A3956D46DE8}") = "Notes", "Notes", "{30513A6D-8B0C-48B3-9192-37CDAF98D2B6}"
EndProject
Project("{FAE04EC0-301F-11D3-BF4B-00C04F79EFBC}") = "b. Auto-Implemented Properties", "b. Auto-Implemented Properties\b. Auto-Implemented Properties.csproj", "{402BAF65-A799-410B-B141-48D4827ACA5F}"
EndProject
Project("{FAE04EC0-301F-11D3-BF4B-00C04F79EFBC}") = "Object Initializer", "Object Initializer\Object Initializer.csproj", "{41C0E015-5FE3-4448-9A6B-C12F5CD7E2A3}"
EndProject
Project("{FAE04EC0-301F-11D3-BF4B-00C04F79EFBC}") = "Company UpCasting", "Company UpCasting\Company UpCasting.csproj", "{78D03B67-42DB-456D-87A4-E227D9376BE5}"
EndProject
Project("{FAE04EC0-301F-11D3-BF4B-00C04F79EFBC}") = "a. Try Catch Finally", "a. Try Catch Finally\a. Try Catch Finally.csproj", "{2B9674ED-0C41-4E42-925B-84E852E707E6}"
EndProject
Project("{2150E333-8FDC-42A3-9474-1A3956D46DE8}") = "Exceptions", "Exceptions", "{60C6A617-373B-49B7-B985-D54C667E9454}"
EndProject
Project("{FAE04EC0-301F-11D3-BF4B-00C04F79EFBC}") = "b. Custom Excepetions", "b. Custom Excepetions\b. Custom Excepetions.csproj", "{05B17014-261A-4384-AD73-F327B846B592}"
EndProject
Project("{2150E333-8FDC-42A3-9474-1A3956D46DE8}") = "Enum", "Enum", "{C95CC536-0487-4EEC-BAC9-4EFA303D0FEB}"
EndProject
Project("{2150E333-8FDC-42A3-9474-1A3956D46DE8}") = "OOP", "OOP", "{7517B917-5BEA-427B-A3CE-355DF8E45CD3}"
EndProject
Project("{FAE04EC0-301F-11D3-BF4B-00C04F79EFBC}") = "Files", "Files\Files.csproj", "{11B236EC-4C71-4350-BCF6-90B23C39EEC7}"
EndProject
Global
	GlobalSection(SolutionConfigurationPlatforms) = preSolution
		Debug|Any CPU = Debug|Any CPU
		Debug|x64 = Debug|x64
		Debug|x86 = Debug|x86
		Release|Any CPU = Release|Any CPU
		Release|x64 = Release|x64
		Release|x86 = Release|x86
	EndGlobalSection
	GlobalSection(ProjectConfigurationPlatforms) = postSolution
		{6FD8D7BF-E835-4038-8579-D214990C9E05}.Debug|Any CPU.ActiveCfg = Debug|Any CPU
		{6FD8D7BF-E835-4038-8579-D214990C9E05}.Debug|Any CPU.Build.0 = Debug|Any CPU
		{6FD8D7BF-E835-4038-8579-D214990C9E05}.Debug|x64.ActiveCfg = Debug|Any CPU
		{6FD8D7BF-E835-4038-8579-D214990C9E05}.Debug|x64.Build.0 = Debug|Any CPU
		{6FD8D7BF-E835-4038-8579-D214990C9E05}.Debug|x86.ActiveCfg = Debug|Any CPU
		{6FD8D7BF-E835-4038-8579-D214990C9E05}.Debug|x86.Build.0 = Debug|Any CPU
		{6FD8D7BF-E835-4038-8579-D214990C9E05}.Release|Any CPU.ActiveCfg = Release|Any CPU
		{6FD8D7BF-E835-4038-8579-D214990C9E05}.Release|Any CPU.Build.0 = Release|Any CPU
		{6FD8D7BF-E835-4038-8579-D214990C9E05}.Release|x64.ActiveCfg = Release|Any CPU
		{6FD8D7BF-E835-4038-8579-D214990C9E05}.Release|x64.Build.0 = Release|Any CPU
		{6FD8D7BF-E835-4038-8579-D214990C9E05}.Release|x86.ActiveCfg = Release|Any CPU
		{6FD8D7BF-E835-4038-8579-D214990C9E05}.Release|x86.Build.0 = Release|Any CPU
		{4CF6669C-D061-4489-A954-CDBE88BD29D1}.Debug|Any CPU.ActiveCfg = Debug|Any CPU
		{4CF6669C-D061-4489-A954-CDBE88BD29D1}.Debug|Any CPU.Build.0 = Debug|Any CPU
		{4CF6669C-D061-4489-A954-CDBE88BD29D1}.Debug|x64.ActiveCfg = Debug|Any CPU
		{4CF6669C-D061-4489-A954-CDBE88BD29D1}.Debug|x64.Build.0 = Debug|Any CPU
		{4CF6669C-D061-4489-A954-CDBE88BD29D1}.Debug|x86.ActiveCfg = Debug|Any CPU
		{4CF6669C-D061-4489-A954-CDBE88BD29D1}.Debug|x86.Build.0 = Debug|Any CPU
		{4CF6669C-D061-4489-A954-CDBE88BD29D1}.Release|Any CPU.ActiveCfg = Release|Any CPU
		{4CF6669C-D061-4489-A954-CDBE88BD29D1}.Release|Any CPU.Build.0 = Release|Any CPU
		{4CF6669C-D061-4489-A954-CDBE88BD29D1}.Release|x64.ActiveCfg = Release|Any CPU
		{4CF6669C-D061-4489-A954-CDBE88BD29D1}.Release|x64.Build.0 = Release|Any CPU
		{4CF6669C-D061-4489-A954-CDBE88BD29D1}.Release|x86.ActiveCfg = Release|Any CPU
		{4CF6669C-D061-4489-A954-CDBE88BD29D1}.Release|x86.Build.0 = Release|Any CPU
		{CE279F0A-589D-484C-BFDA-09B3305CD67A}.Debug|Any CPU.ActiveCfg = Debug|Any CPU
		{CE279F0A-589D-484C-BFDA-09B3305CD67A}.Debug|Any CPU.Build.0 = Debug|Any CPU
		{CE279F0A-589D-484C-BFDA-09B3305CD67A}.Debug|x64.ActiveCfg = Debug|Any CPU
		{CE279F0A-589D-484C-BFDA-09B3305CD67A}.Debug|x64.Build.0 = Debug|Any CPU
		{CE279F0A-589D-484C-BFDA-09B3305CD67A}.Debug|x86.ActiveCfg = Debug|Any CPU
		{CE279F0A-589D-484C-BFDA-09B3305CD67A}.Debug|x86.Build.0 = Debug|Any CPU
		{CE279F0A-589D-484C-BFDA-09B3305CD67A}.Release|Any CPU.ActiveCfg = Release|Any CPU
		{CE279F0A-589D-484C-BFDA-09B3305CD67A}.Release|Any CPU.Build.0 = Release|Any CPU
		{CE279F0A-589D-484C-BFDA-09B3305CD67A}.Release|x64.ActiveCfg = Release|Any CPU
		{CE279F0A-589D-484C-BFDA-09B3305CD67A}.Release|x64.Build.0 = Release|Any CPU
		{CE279F0A-589D-484C-BFDA-09B3305CD67A}.Release|x86.ActiveCfg = Release|Any CPU
		{CE279F0A-589D-484C-BFDA-09B3305CD67A}.Release|x86.Build.0 = Release|Any CPU
		{CC9A223D-1F78-4275-AF7F-2697AF9C352B}.Debug|Any CPU.ActiveCfg = Debug|Any CPU
		{CC9A223D-1F78-4275-AF7F-2697AF9C352B}.Debug|Any CPU.Build.0 = Debug|Any CPU
		{CC9A223D-1F78-4275-AF7F-2697AF9C352B}.Debug|x64.ActiveCfg = Debug|Any CPU
		{CC9A223D-1F78-4275-AF7F-2697AF9C352B}.Debug|x64.Build.0 = Debug|Any CPU
		{CC9A223D-1F78-4275-AF7F-2697AF9C352B}.Debug|x86.ActiveCfg = Debug|Any CPU
		{CC9A223D-1F78-4275-AF7F-2697AF9C352B}.Debug|x86.Build.0 = Debug|Any CPU
		{CC9A223D-1F78-4275-AF7F-2697AF9C352B}.Release|Any CPU.ActiveCfg = Release|Any CPU
		{CC9A223D-1F78-4275-AF7F-2697AF9C352B}.Release|Any CPU.Build.0 = Release|Any CPU
		{CC9A223D-1F78-4275-AF7F-2697AF9C352B}.Release|x64.ActiveCfg = Release|Any CPU
		{CC9A223D-1F78-4275-AF7F-2697AF9C352B}.Release|x64.Build.0 = Release|Any CPU
		{CC9A223D-1F78-4275-AF7F-2697AF9C352B}.Release|x86.ActiveCfg = Release|Any CPU
		{CC9A223D-1F78-4275-AF7F-2697AF9C352B}.Release|x86.Build.0 = Release|Any CPU
		{ECE9AFD6-ADE1-4E3A-B7E0-48D2B4765B0D}.Debug|Any CPU.ActiveCfg = Debug|Any CPU
		{ECE9AFD6-ADE1-4E3A-B7E0-48D2B4765B0D}.Debug|Any CPU.Build.0 = Debug|Any CPU
		{ECE9AFD6-ADE1-4E3A-B7E0-48D2B4765B0D}.Debug|x64.ActiveCfg = Debug|Any CPU
		{ECE9AFD6-ADE1-4E3A-B7E0-48D2B4765B0D}.Debug|x64.Build.0 = Debug|Any CPU
		{ECE9AFD6-ADE1-4E3A-B7E0-48D2B4765B0D}.Debug|x86.ActiveCfg = Debug|Any CPU
		{ECE9AFD6-ADE1-4E3A-B7E0-48D2B4765B0D}.Debug|x86.Build.0 = Debug|Any CPU
		{ECE9AFD6-ADE1-4E3A-B7E0-48D2B4765B0D}.Release|Any CPU.ActiveCfg = Release|Any CPU
		{ECE9AFD6-ADE1-4E3A-B7E0-48D2B4765B0D}.Release|Any CPU.Build.0 = Release|Any CPU
		{ECE9AFD6-ADE1-4E3A-B7E0-48D2B4765B0D}.Release|x64.ActiveCfg = Release|Any CPU
		{ECE9AFD6-ADE1-4E3A-B7E0-48D2B4765B0D}.Release|x64.Build.0 = Release|Any CPU
		{ECE9AFD6-ADE1-4E3A-B7E0-48D2B4765B0D}.Release|x86.ActiveCfg = Release|Any CPU
		{ECE9AFD6-ADE1-4E3A-B7E0-48D2B4765B0D}.Release|x86.Build.0 = Release|Any CPU
		{EE57193C-B13A-4298-B58E-1BB0E2D07660}.Debug|Any CPU.ActiveCfg = Debug|Any CPU
		{EE57193C-B13A-4298-B58E-1BB0E2D07660}.Debug|Any CPU.Build.0 = Debug|Any CPU
		{EE57193C-B13A-4298-B58E-1BB0E2D07660}.Debug|x64.ActiveCfg = Debug|Any CPU
		{EE57193C-B13A-4298-B58E-1BB0E2D07660}.Debug|x64.Build.0 = Debug|Any CPU
		{EE57193C-B13A-4298-B58E-1BB0E2D07660}.Debug|x86.ActiveCfg = Debug|Any CPU
		{EE57193C-B13A-4298-B58E-1BB0E2D07660}.Debug|x86.Build.0 = Debug|Any CPU
		{EE57193C-B13A-4298-B58E-1BB0E2D07660}.Release|Any CPU.ActiveCfg = Release|Any CPU
		{EE57193C-B13A-4298-B58E-1BB0E2D07660}.Release|Any CPU.Build.0 = Release|Any CPU
		{EE57193C-B13A-4298-B58E-1BB0E2D07660}.Release|x64.ActiveCfg = Release|Any CPU
		{EE57193C-B13A-4298-B58E-1BB0E2D07660}.Release|x64.Build.0 = Release|Any CPU
		{EE57193C-B13A-4298-B58E-1BB0E2D07660}.Release|x86.ActiveCfg = Release|Any CPU
		{EE57193C-B13A-4298-B58E-1BB0E2D07660}.Release|x86.Build.0 = Release|Any CPU
		{AA96E298-6FFF-4C81-B887-F41848F99017}.Debug|Any CPU.ActiveCfg = Debug|Any CPU
		{AA96E298-6FFF-4C81-B887-F41848F99017}.Debug|Any CPU.Build.0 = Debug|Any CPU
		{AA96E298-6FFF-4C81-B887-F41848F99017}.Debug|x64.ActiveCfg = Debug|Any CPU
		{AA96E298-6FFF-4C81-B887-F41848F99017}.Debug|x64.Build.0 = Debug|Any CPU
		{AA96E298-6FFF-4C81-B887-F41848F99017}.Debug|x86.ActiveCfg = Debug|Any CPU
		{AA96E298-6FFF-4C81-B887-F41848F99017}.Debug|x86.Build.0 = Debug|Any CPU
		{AA96E298-6FFF-4C81-B887-F41848F99017}.Release|Any CPU.ActiveCfg = Release|Any CPU
		{AA96E298-6FFF-4C81-B887-F41848F99017}.Release|Any CPU.Build.0 = Release|Any CPU
		{AA96E298-6FFF-4C81-B887-F41848F99017}.Release|x64.ActiveCfg = Release|Any CPU
		{AA96E298-6FFF-4C81-B887-F41848F99017}.Release|x64.Build.0 = Release|Any CPU
		{AA96E298-6FFF-4C81-B887-F41848F99017}.Release|x86.ActiveCfg = Release|Any CPU
		{AA96E298-6FFF-4C81-B887-F41848F99017}.Release|x86.Build.0 = Release|Any CPU
		{D58A3F09-8863-4D19-BADD-DAF8112BD313}.Debug|Any CPU.ActiveCfg = Debug|Any CPU
		{D58A3F09-8863-4D19-BADD-DAF8112BD313}.Debug|Any CPU.Build.0 = Debug|Any CPU
		{D58A3F09-8863-4D19-BADD-DAF8112BD313}.Debug|x64.ActiveCfg = Debug|Any CPU
		{D58A3F09-8863-4D19-BADD-DAF8112BD313}.Debug|x64.Build.0 = Debug|Any CPU
		{D58A3F09-8863-4D19-BADD-DAF8112BD313}.Debug|x86.ActiveCfg = Debug|Any CPU
		{D58A3F09-8863-4D19-BADD-DAF8112BD313}.Debug|x86.Build.0 = Debug|Any CPU
		{D58A3F09-8863-4D19-BADD-DAF8112BD313}.Release|Any CPU.ActiveCfg = Release|Any CPU
		{D58A3F09-8863-4D19-BADD-DAF8112BD313}.Release|Any CPU.Build.0 = Release|Any CPU
		{D58A3F09-8863-4D19-BADD-DAF8112BD313}.Release|x64.ActiveCfg = Release|Any CPU
		{D58A3F09-8863-4D19-BADD-DAF8112BD313}.Release|x64.Build.0 = Release|Any CPU
		{D58A3F09-8863-4D19-BADD-DAF8112BD313}.Release|x86.ActiveCfg = Release|Any CPU
		{D58A3F09-8863-4D19-BADD-DAF8112BD313}.Release|x86.Build.0 = Release|Any CPU
		{2F1FDE8C-F2CD-4362-A309-E53C4443D94E}.Debug|Any CPU.ActiveCfg = Debug|Any CPU
		{2F1FDE8C-F2CD-4362-A309-E53C4443D94E}.Debug|Any CPU.Build.0 = Debug|Any CPU
		{2F1FDE8C-F2CD-4362-A309-E53C4443D94E}.Debug|x64.ActiveCfg = Debug|Any CPU
		{2F1FDE8C-F2CD-4362-A309-E53C4443D94E}.Debug|x64.Build.0 = Debug|Any CPU
		{2F1FDE8C-F2CD-4362-A309-E53C4443D94E}.Debug|x86.ActiveCfg = Debug|Any CPU
		{2F1FDE8C-F2CD-4362-A309-E53C4443D94E}.Debug|x86.Build.0 = Debug|Any CPU
		{2F1FDE8C-F2CD-4362-A309-E53C4443D94E}.Release|Any CPU.ActiveCfg = Release|Any CPU
		{2F1FDE8C-F2CD-4362-A309-E53C4443D94E}.Release|Any CPU.Build.0 = Release|Any CPU
		{2F1FDE8C-F2CD-4362-A309-E53C4443D94E}.Release|x64.ActiveCfg = Release|Any CPU
		{2F1FDE8C-F2CD-4362-A309-E53C4443D94E}.Release|x64.Build.0 = Release|Any CPU
		{2F1FDE8C-F2CD-4362-A309-E53C4443D94E}.Release|x86.ActiveCfg = Release|Any CPU
		{2F1FDE8C-F2CD-4362-A309-E53C4443D94E}.Release|x86.Build.0 = Release|Any CPU
		{9BE88764-6812-4D8E-A604-0C03003FD1EC}.Debug|Any CPU.ActiveCfg = Debug|Any CPU
		{9BE88764-6812-4D8E-A604-0C03003FD1EC}.Debug|Any CPU.Build.0 = Debug|Any CPU
		{9BE88764-6812-4D8E-A604-0C03003FD1EC}.Debug|x64.ActiveCfg = Debug|Any CPU
		{9BE88764-6812-4D8E-A604-0C03003FD1EC}.Debug|x64.Build.0 = Debug|Any CPU
		{9BE88764-6812-4D8E-A604-0C03003FD1EC}.Debug|x86.ActiveCfg = Debug|Any CPU
		{9BE88764-6812-4D8E-A604-0C03003FD1EC}.Debug|x86.Build.0 = Debug|Any CPU
		{9BE88764-6812-4D8E-A604-0C03003FD1EC}.Release|Any CPU.ActiveCfg = Release|Any CPU
		{9BE88764-6812-4D8E-A604-0C03003FD1EC}.Release|Any CPU.Build.0 = Release|Any CPU
		{9BE88764-6812-4D8E-A604-0C03003FD1EC}.Release|x64.ActiveCfg = Release|Any CPU
		{9BE88764-6812-4D8E-A604-0C03003FD1EC}.Release|x64.Build.0 = Release|Any CPU
		{9BE88764-6812-4D8E-A604-0C03003FD1EC}.Release|x86.ActiveCfg = Release|Any CPU
		{9BE88764-6812-4D8E-A604-0C03003FD1EC}.Release|x86.Build.0 = Release|Any CPU
		{8D043128-D45C-4865-8394-A309C5A2A88B}.Debug|Any CPU.ActiveCfg = Debug|Any CPU
		{8D043128-D45C-4865-8394-A309C5A2A88B}.Debug|Any CPU.Build.0 = Debug|Any CPU
		{8D043128-D45C-4865-8394-A309C5A2A88B}.Debug|x64.ActiveCfg = Debug|Any CPU
		{8D043128-D45C-4865-8394-A309C5A2A88B}.Debug|x64.Build.0 = Debug|Any CPU
		{8D043128-D45C-4865-8394-A309C5A2A88B}.Debug|x86.ActiveCfg = Debug|Any CPU
		{8D043128-D45C-4865-8394-A309C5A2A88B}.Debug|x86.Build.0 = Debug|Any CPU
		{8D043128-D45C-4865-8394-A309C5A2A88B}.Release|Any CPU.ActiveCfg = Release|Any CPU
		{8D043128-D45C-4865-8394-A309C5A2A88B}.Release|Any CPU.Build.0 = Release|Any CPU
		{8D043128-D45C-4865-8394-A309C5A2A88B}.Release|x64.ActiveCfg = Release|Any CPU
		{8D043128-D45C-4865-8394-A309C5A2A88B}.Release|x64.Build.0 = Release|Any CPU
		{8D043128-D45C-4865-8394-A309C5A2A88B}.Release|x86.ActiveCfg = Release|Any CPU
		{8D043128-D45C-4865-8394-A309C5A2A88B}.Release|x86.Build.0 = Release|Any CPU
		{4A4F7116-227F-485F-BF76-C0FDCD75020B}.Debug|Any CPU.ActiveCfg = Debug|Any CPU
		{4A4F7116-227F-485F-BF76-C0FDCD75020B}.Debug|Any CPU.Build.0 = Debug|Any CPU
		{4A4F7116-227F-485F-BF76-C0FDCD75020B}.Debug|x64.ActiveCfg = Debug|Any CPU
		{4A4F7116-227F-485F-BF76-C0FDCD75020B}.Debug|x64.Build.0 = Debug|Any CPU
		{4A4F7116-227F-485F-BF76-C0FDCD75020B}.Debug|x86.ActiveCfg = Debug|Any CPU
		{4A4F7116-227F-485F-BF76-C0FDCD75020B}.Debug|x86.Build.0 = Debug|Any CPU
		{4A4F7116-227F-485F-BF76-C0FDCD75020B}.Release|Any CPU.ActiveCfg = Release|Any CPU
		{4A4F7116-227F-485F-BF76-C0FDCD75020B}.Release|Any CPU.Build.0 = Release|Any CPU
		{4A4F7116-227F-485F-BF76-C0FDCD75020B}.Release|x64.ActiveCfg = Release|Any CPU
		{4A4F7116-227F-485F-BF76-C0FDCD75020B}.Release|x64.Build.0 = Release|Any CPU
		{4A4F7116-227F-485F-BF76-C0FDCD75020B}.Release|x86.ActiveCfg = Release|Any CPU
		{4A4F7116-227F-485F-BF76-C0FDCD75020B}.Release|x86.Build.0 = Release|Any CPU
		{5FFB641A-2F5C-4DEB-9E9F-8FE304E9281E}.Debug|Any CPU.ActiveCfg = Debug|Any CPU
		{5FFB641A-2F5C-4DEB-9E9F-8FE304E9281E}.Debug|Any CPU.Build.0 = Debug|Any CPU
		{5FFB641A-2F5C-4DEB-9E9F-8FE304E9281E}.Debug|x64.ActiveCfg = Debug|Any CPU
		{5FFB641A-2F5C-4DEB-9E9F-8FE304E9281E}.Debug|x64.Build.0 = Debug|Any CPU
		{5FFB641A-2F5C-4DEB-9E9F-8FE304E9281E}.Debug|x86.ActiveCfg = Debug|Any CPU
		{5FFB641A-2F5C-4DEB-9E9F-8FE304E9281E}.Debug|x86.Build.0 = Debug|Any CPU
		{5FFB641A-2F5C-4DEB-9E9F-8FE304E9281E}.Release|Any CPU.ActiveCfg = Release|Any CPU
		{5FFB641A-2F5C-4DEB-9E9F-8FE304E9281E}.Release|Any CPU.Build.0 = Release|Any CPU
		{5FFB641A-2F5C-4DEB-9E9F-8FE304E9281E}.Release|x64.ActiveCfg = Release|Any CPU
		{5FFB641A-2F5C-4DEB-9E9F-8FE304E9281E}.Release|x64.Build.0 = Release|Any CPU
		{5FFB641A-2F5C-4DEB-9E9F-8FE304E9281E}.Release|x86.ActiveCfg = Release|Any CPU
		{5FFB641A-2F5C-4DEB-9E9F-8FE304E9281E}.Release|x86.Build.0 = Release|Any CPU
		{33C846AB-84E9-4E57-83B8-51BF1E833940}.Debug|Any CPU.ActiveCfg = Debug|Any CPU
		{33C846AB-84E9-4E57-83B8-51BF1E833940}.Debug|Any CPU.Build.0 = Debug|Any CPU
		{33C846AB-84E9-4E57-83B8-51BF1E833940}.Debug|x64.ActiveCfg = Debug|Any CPU
		{33C846AB-84E9-4E57-83B8-51BF1E833940}.Debug|x64.Build.0 = Debug|Any CPU
		{33C846AB-84E9-4E57-83B8-51BF1E833940}.Debug|x86.ActiveCfg = Debug|Any CPU
		{33C846AB-84E9-4E57-83B8-51BF1E833940}.Debug|x86.Build.0 = Debug|Any CPU
		{33C846AB-84E9-4E57-83B8-51BF1E833940}.Release|Any CPU.ActiveCfg = Release|Any CPU
		{33C846AB-84E9-4E57-83B8-51BF1E833940}.Release|Any CPU.Build.0 = Release|Any CPU
		{33C846AB-84E9-4E57-83B8-51BF1E833940}.Release|x64.ActiveCfg = Release|Any CPU
		{33C846AB-84E9-4E57-83B8-51BF1E833940}.Release|x64.Build.0 = Release|Any CPU
		{33C846AB-84E9-4E57-83B8-51BF1E833940}.Release|x86.ActiveCfg = Release|Any CPU
		{33C846AB-84E9-4E57-83B8-51BF1E833940}.Release|x86.Build.0 = Release|Any CPU
		{1B60B9F6-964D-4E68-9534-06DD857FB0C2}.Debug|Any CPU.ActiveCfg = Debug|Any CPU
		{1B60B9F6-964D-4E68-9534-06DD857FB0C2}.Debug|Any CPU.Build.0 = Debug|Any CPU
		{1B60B9F6-964D-4E68-9534-06DD857FB0C2}.Debug|x64.ActiveCfg = Debug|Any CPU
		{1B60B9F6-964D-4E68-9534-06DD857FB0C2}.Debug|x64.Build.0 = Debug|Any CPU
		{1B60B9F6-964D-4E68-9534-06DD857FB0C2}.Debug|x86.ActiveCfg = Debug|Any CPU
		{1B60B9F6-964D-4E68-9534-06DD857FB0C2}.Debug|x86.Build.0 = Debug|Any CPU
		{1B60B9F6-964D-4E68-9534-06DD857FB0C2}.Release|Any CPU.ActiveCfg = Release|Any CPU
		{1B60B9F6-964D-4E68-9534-06DD857FB0C2}.Release|Any CPU.Build.0 = Release|Any CPU
		{1B60B9F6-964D-4E68-9534-06DD857FB0C2}.Release|x64.ActiveCfg = Release|Any CPU
		{1B60B9F6-964D-4E68-9534-06DD857FB0C2}.Release|x64.Build.0 = Release|Any CPU
		{1B60B9F6-964D-4E68-9534-06DD857FB0C2}.Release|x86.ActiveCfg = Release|Any CPU
		{1B60B9F6-964D-4E68-9534-06DD857FB0C2}.Release|x86.Build.0 = Release|Any CPU
		{3EEDA9BB-C6ED-4F7B-BC12-61A77BFCDBB4}.Debug|Any CPU.ActiveCfg = Debug|Any CPU
		{3EEDA9BB-C6ED-4F7B-BC12-61A77BFCDBB4}.Debug|Any CPU.Build.0 = Debug|Any CPU
		{3EEDA9BB-C6ED-4F7B-BC12-61A77BFCDBB4}.Debug|x64.ActiveCfg = Debug|Any CPU
		{3EEDA9BB-C6ED-4F7B-BC12-61A77BFCDBB4}.Debug|x64.Build.0 = Debug|Any CPU
		{3EEDA9BB-C6ED-4F7B-BC12-61A77BFCDBB4}.Debug|x86.ActiveCfg = Debug|Any CPU
		{3EEDA9BB-C6ED-4F7B-BC12-61A77BFCDBB4}.Debug|x86.Build.0 = Debug|Any CPU
		{3EEDA9BB-C6ED-4F7B-BC12-61A77BFCDBB4}.Release|Any CPU.ActiveCfg = Release|Any CPU
		{3EEDA9BB-C6ED-4F7B-BC12-61A77BFCDBB4}.Release|Any CPU.Build.0 = Release|Any CPU
		{3EEDA9BB-C6ED-4F7B-BC12-61A77BFCDBB4}.Release|x64.ActiveCfg = Release|Any CPU
		{3EEDA9BB-C6ED-4F7B-BC12-61A77BFCDBB4}.Release|x64.Build.0 = Release|Any CPU
		{3EEDA9BB-C6ED-4F7B-BC12-61A77BFCDBB4}.Release|x86.ActiveCfg = Release|Any CPU
		{3EEDA9BB-C6ED-4F7B-BC12-61A77BFCDBB4}.Release|x86.Build.0 = Release|Any CPU
		{726C5DDC-2722-45DA-AE91-BCEEC0A2844F}.Debug|Any CPU.ActiveCfg = Debug|Any CPU
		{726C5DDC-2722-45DA-AE91-BCEEC0A2844F}.Debug|Any CPU.Build.0 = Debug|Any CPU
		{726C5DDC-2722-45DA-AE91-BCEEC0A2844F}.Debug|x64.ActiveCfg = Debug|Any CPU
		{726C5DDC-2722-45DA-AE91-BCEEC0A2844F}.Debug|x64.Build.0 = Debug|Any CPU
		{726C5DDC-2722-45DA-AE91-BCEEC0A2844F}.Debug|x86.ActiveCfg = Debug|Any CPU
		{726C5DDC-2722-45DA-AE91-BCEEC0A2844F}.Debug|x86.Build.0 = Debug|Any CPU
		{726C5DDC-2722-45DA-AE91-BCEEC0A2844F}.Release|Any CPU.ActiveCfg = Release|Any CPU
		{726C5DDC-2722-45DA-AE91-BCEEC0A2844F}.Release|Any CPU.Build.0 = Release|Any CPU
		{726C5DDC-2722-45DA-AE91-BCEEC0A2844F}.Release|x64.ActiveCfg = Release|Any CPU
		{726C5DDC-2722-45DA-AE91-BCEEC0A2844F}.Release|x64.Build.0 = Release|Any CPU
		{726C5DDC-2722-45DA-AE91-BCEEC0A2844F}.Release|x86.ActiveCfg = Release|Any CPU
		{726C5DDC-2722-45DA-AE91-BCEEC0A2844F}.Release|x86.Build.0 = Release|Any CPU
		{BE025B0A-0D71-448C-B9F8-19E6F06D499F}.Debug|Any CPU.ActiveCfg = Debug|Any CPU
		{BE025B0A-0D71-448C-B9F8-19E6F06D499F}.Debug|Any CPU.Build.0 = Debug|Any CPU
		{BE025B0A-0D71-448C-B9F8-19E6F06D499F}.Debug|x64.ActiveCfg = Debug|Any CPU
		{BE025B0A-0D71-448C-B9F8-19E6F06D499F}.Debug|x64.Build.0 = Debug|Any CPU
		{BE025B0A-0D71-448C-B9F8-19E6F06D499F}.Debug|x86.ActiveCfg = Debug|Any CPU
		{BE025B0A-0D71-448C-B9F8-19E6F06D499F}.Debug|x86.Build.0 = Debug|Any CPU
		{BE025B0A-0D71-448C-B9F8-19E6F06D499F}.Release|Any CPU.ActiveCfg = Release|Any CPU
		{BE025B0A-0D71-448C-B9F8-19E6F06D499F}.Release|Any CPU.Build.0 = Release|Any CPU
		{BE025B0A-0D71-448C-B9F8-19E6F06D499F}.Release|x64.ActiveCfg = Release|Any CPU
		{BE025B0A-0D71-448C-B9F8-19E6F06D499F}.Release|x64.Build.0 = Release|Any CPU
		{BE025B0A-0D71-448C-B9F8-19E6F06D499F}.Release|x86.ActiveCfg = Release|Any CPU
		{BE025B0A-0D71-448C-B9F8-19E6F06D499F}.Release|x86.Build.0 = Release|Any CPU
		{A4C03EC9-C9D9-4322-BFE7-6C88C5E2CC17}.Debug|Any CPU.ActiveCfg = Debug|Any CPU
		{A4C03EC9-C9D9-4322-BFE7-6C88C5E2CC17}.Debug|Any CPU.Build.0 = Debug|Any CPU
		{A4C03EC9-C9D9-4322-BFE7-6C88C5E2CC17}.Debug|x64.ActiveCfg = Debug|Any CPU
		{A4C03EC9-C9D9-4322-BFE7-6C88C5E2CC17}.Debug|x64.Build.0 = Debug|Any CPU
		{A4C03EC9-C9D9-4322-BFE7-6C88C5E2CC17}.Debug|x86.ActiveCfg = Debug|Any CPU
		{A4C03EC9-C9D9-4322-BFE7-6C88C5E2CC17}.Debug|x86.Build.0 = Debug|Any CPU
		{A4C03EC9-C9D9-4322-BFE7-6C88C5E2CC17}.Release|Any CPU.ActiveCfg = Release|Any CPU
		{A4C03EC9-C9D9-4322-BFE7-6C88C5E2CC17}.Release|Any CPU.Build.0 = Release|Any CPU
		{A4C03EC9-C9D9-4322-BFE7-6C88C5E2CC17}.Release|x64.ActiveCfg = Release|Any CPU
		{A4C03EC9-C9D9-4322-BFE7-6C88C5E2CC17}.Release|x64.Build.0 = Release|Any CPU
		{A4C03EC9-C9D9-4322-BFE7-6C88C5E2CC17}.Release|x86.ActiveCfg = Release|Any CPU
		{A4C03EC9-C9D9-4322-BFE7-6C88C5E2CC17}.Release|x86.Build.0 = Release|Any CPU
		{C68F87CE-F527-45F6-BDBE-2180851EA718}.Debug|Any CPU.ActiveCfg = Debug|Any CPU
		{C68F87CE-F527-45F6-BDBE-2180851EA718}.Debug|Any CPU.Build.0 = Debug|Any CPU
		{C68F87CE-F527-45F6-BDBE-2180851EA718}.Debug|x64.ActiveCfg = Debug|Any CPU
		{C68F87CE-F527-45F6-BDBE-2180851EA718}.Debug|x64.Build.0 = Debug|Any CPU
		{C68F87CE-F527-45F6-BDBE-2180851EA718}.Debug|x86.ActiveCfg = Debug|Any CPU
		{C68F87CE-F527-45F6-BDBE-2180851EA718}.Debug|x86.Build.0 = Debug|Any CPU
		{C68F87CE-F527-45F6-BDBE-2180851EA718}.Release|Any CPU.ActiveCfg = Release|Any CPU
		{C68F87CE-F527-45F6-BDBE-2180851EA718}.Release|Any CPU.Build.0 = Release|Any CPU
		{C68F87CE-F527-45F6-BDBE-2180851EA718}.Release|x64.ActiveCfg = Release|Any CPU
		{C68F87CE-F527-45F6-BDBE-2180851EA718}.Release|x64.Build.0 = Release|Any CPU
		{C68F87CE-F527-45F6-BDBE-2180851EA718}.Release|x86.ActiveCfg = Release|Any CPU
		{C68F87CE-F527-45F6-BDBE-2180851EA718}.Release|x86.Build.0 = Release|Any CPU
		{05507B6E-BF4A-44D4-9F19-E7E54134F443}.Debug|Any CPU.ActiveCfg = Debug|Any CPU
		{05507B6E-BF4A-44D4-9F19-E7E54134F443}.Debug|Any CPU.Build.0 = Debug|Any CPU
		{05507B6E-BF4A-44D4-9F19-E7E54134F443}.Debug|x64.ActiveCfg = Debug|Any CPU
		{05507B6E-BF4A-44D4-9F19-E7E54134F443}.Debug|x64.Build.0 = Debug|Any CPU
		{05507B6E-BF4A-44D4-9F19-E7E54134F443}.Debug|x86.ActiveCfg = Debug|Any CPU
		{05507B6E-BF4A-44D4-9F19-E7E54134F443}.Debug|x86.Build.0 = Debug|Any CPU
		{05507B6E-BF4A-44D4-9F19-E7E54134F443}.Release|Any CPU.ActiveCfg = Release|Any CPU
		{05507B6E-BF4A-44D4-9F19-E7E54134F443}.Release|Any CPU.Build.0 = Release|Any CPU
		{05507B6E-BF4A-44D4-9F19-E7E54134F443}.Release|x64.ActiveCfg = Release|Any CPU
		{05507B6E-BF4A-44D4-9F19-E7E54134F443}.Release|x64.Build.0 = Release|Any CPU
		{05507B6E-BF4A-44D4-9F19-E7E54134F443}.Release|x86.ActiveCfg = Release|Any CPU
		{05507B6E-BF4A-44D4-9F19-E7E54134F443}.Release|x86.Build.0 = Release|Any CPU
		{F68F6472-F005-4591-A944-6A75F048439C}.Debug|Any CPU.ActiveCfg = Debug|Any CPU
		{F68F6472-F005-4591-A944-6A75F048439C}.Debug|Any CPU.Build.0 = Debug|Any CPU
		{F68F6472-F005-4591-A944-6A75F048439C}.Debug|x64.ActiveCfg = Debug|Any CPU
		{F68F6472-F005-4591-A944-6A75F048439C}.Debug|x64.Build.0 = Debug|Any CPU
		{F68F6472-F005-4591-A944-6A75F048439C}.Debug|x86.ActiveCfg = Debug|Any CPU
		{F68F6472-F005-4591-A944-6A75F048439C}.Debug|x86.Build.0 = Debug|Any CPU
		{F68F6472-F005-4591-A944-6A75F048439C}.Release|Any CPU.ActiveCfg = Release|Any CPU
		{F68F6472-F005-4591-A944-6A75F048439C}.Release|Any CPU.Build.0 = Release|Any CPU
		{F68F6472-F005-4591-A944-6A75F048439C}.Release|x64.ActiveCfg = Release|Any CPU
		{F68F6472-F005-4591-A944-6A75F048439C}.Release|x64.Build.0 = Release|Any CPU
		{F68F6472-F005-4591-A944-6A75F048439C}.Release|x86.ActiveCfg = Release|Any CPU
		{F68F6472-F005-4591-A944-6A75F048439C}.Release|x86.Build.0 = Release|Any CPU
		{FD8E13C6-DE03-4065-90CE-014AAA3F1E55}.Debug|Any CPU.ActiveCfg = Debug|Any CPU
		{FD8E13C6-DE03-4065-90CE-014AAA3F1E55}.Debug|Any CPU.Build.0 = Debug|Any CPU
		{FD8E13C6-DE03-4065-90CE-014AAA3F1E55}.Debug|x64.ActiveCfg = Debug|Any CPU
		{FD8E13C6-DE03-4065-90CE-014AAA3F1E55}.Debug|x64.Build.0 = Debug|Any CPU
		{FD8E13C6-DE03-4065-90CE-014AAA3F1E55}.Debug|x86.ActiveCfg = Debug|Any CPU
		{FD8E13C6-DE03-4065-90CE-014AAA3F1E55}.Debug|x86.Build.0 = Debug|Any CPU
		{FD8E13C6-DE03-4065-90CE-014AAA3F1E55}.Release|Any CPU.ActiveCfg = Release|Any CPU
		{FD8E13C6-DE03-4065-90CE-014AAA3F1E55}.Release|Any CPU.Build.0 = Release|Any CPU
		{FD8E13C6-DE03-4065-90CE-014AAA3F1E55}.Release|x64.ActiveCfg = Release|Any CPU
		{FD8E13C6-DE03-4065-90CE-014AAA3F1E55}.Release|x64.Build.0 = Release|Any CPU
		{FD8E13C6-DE03-4065-90CE-014AAA3F1E55}.Release|x86.ActiveCfg = Release|Any CPU
		{FD8E13C6-DE03-4065-90CE-014AAA3F1E55}.Release|x86.Build.0 = Release|Any CPU
		{3F8AB3F8-7BE7-4A73-B3B4-6F1B181B4F8C}.Debug|Any CPU.ActiveCfg = Debug|Any CPU
		{3F8AB3F8-7BE7-4A73-B3B4-6F1B181B4F8C}.Debug|Any CPU.Build.0 = Debug|Any CPU
		{3F8AB3F8-7BE7-4A73-B3B4-6F1B181B4F8C}.Debug|x64.ActiveCfg = Debug|Any CPU
		{3F8AB3F8-7BE7-4A73-B3B4-6F1B181B4F8C}.Debug|x64.Build.0 = Debug|Any CPU
		{3F8AB3F8-7BE7-4A73-B3B4-6F1B181B4F8C}.Debug|x86.ActiveCfg = Debug|Any CPU
		{3F8AB3F8-7BE7-4A73-B3B4-6F1B181B4F8C}.Debug|x86.Build.0 = Debug|Any CPU
		{3F8AB3F8-7BE7-4A73-B3B4-6F1B181B4F8C}.Release|Any CPU.ActiveCfg = Release|Any CPU
		{3F8AB3F8-7BE7-4A73-B3B4-6F1B181B4F8C}.Release|Any CPU.Build.0 = Release|Any CPU
		{3F8AB3F8-7BE7-4A73-B3B4-6F1B181B4F8C}.Release|x64.ActiveCfg = Release|Any CPU
		{3F8AB3F8-7BE7-4A73-B3B4-6F1B181B4F8C}.Release|x64.Build.0 = Release|Any CPU
		{3F8AB3F8-7BE7-4A73-B3B4-6F1B181B4F8C}.Release|x86.ActiveCfg = Release|Any CPU
		{3F8AB3F8-7BE7-4A73-B3B4-6F1B181B4F8C}.Release|x86.Build.0 = Release|Any CPU
		{87B2E13A-507B-4284-95DA-FC2A0DD296CC}.Debug|Any CPU.ActiveCfg = Debug|Any CPU
		{87B2E13A-507B-4284-95DA-FC2A0DD296CC}.Debug|Any CPU.Build.0 = Debug|Any CPU
		{87B2E13A-507B-4284-95DA-FC2A0DD296CC}.Debug|x64.ActiveCfg = Debug|Any CPU
		{87B2E13A-507B-4284-95DA-FC2A0DD296CC}.Debug|x64.Build.0 = Debug|Any CPU
		{87B2E13A-507B-4284-95DA-FC2A0DD296CC}.Debug|x86.ActiveCfg = Debug|Any CPU
		{87B2E13A-507B-4284-95DA-FC2A0DD296CC}.Debug|x86.Build.0 = Debug|Any CPU
		{87B2E13A-507B-4284-95DA-FC2A0DD296CC}.Release|Any CPU.ActiveCfg = Release|Any CPU
		{87B2E13A-507B-4284-95DA-FC2A0DD296CC}.Release|Any CPU.Build.0 = Release|Any CPU
		{87B2E13A-507B-4284-95DA-FC2A0DD296CC}.Release|x64.ActiveCfg = Release|Any CPU
		{87B2E13A-507B-4284-95DA-FC2A0DD296CC}.Release|x64.Build.0 = Release|Any CPU
		{87B2E13A-507B-4284-95DA-FC2A0DD296CC}.Release|x86.ActiveCfg = Release|Any CPU
		{87B2E13A-507B-4284-95DA-FC2A0DD296CC}.Release|x86.Build.0 = Release|Any CPU
		{23BE184A-8909-4FC9-9301-1CCD93100F2D}.Debug|Any CPU.ActiveCfg = Debug|Any CPU
		{23BE184A-8909-4FC9-9301-1CCD93100F2D}.Debug|Any CPU.Build.0 = Debug|Any CPU
		{23BE184A-8909-4FC9-9301-1CCD93100F2D}.Debug|x64.ActiveCfg = Debug|Any CPU
		{23BE184A-8909-4FC9-9301-1CCD93100F2D}.Debug|x64.Build.0 = Debug|Any CPU
		{23BE184A-8909-4FC9-9301-1CCD93100F2D}.Debug|x86.ActiveCfg = Debug|Any CPU
		{23BE184A-8909-4FC9-9301-1CCD93100F2D}.Debug|x86.Build.0 = Debug|Any CPU
		{23BE184A-8909-4FC9-9301-1CCD93100F2D}.Release|Any CPU.ActiveCfg = Release|Any CPU
		{23BE184A-8909-4FC9-9301-1CCD93100F2D}.Release|Any CPU.Build.0 = Release|Any CPU
		{23BE184A-8909-4FC9-9301-1CCD93100F2D}.Release|x64.ActiveCfg = Release|Any CPU
		{23BE184A-8909-4FC9-9301-1CCD93100F2D}.Release|x64.Build.0 = Release|Any CPU
		{23BE184A-8909-4FC9-9301-1CCD93100F2D}.Release|x86.ActiveCfg = Release|Any CPU
		{23BE184A-8909-4FC9-9301-1CCD93100F2D}.Release|x86.Build.0 = Release|Any CPU
		{19A09D9D-0FE2-4296-B709-A9732F9B6F26}.Debug|Any CPU.ActiveCfg = Debug|Any CPU
		{19A09D9D-0FE2-4296-B709-A9732F9B6F26}.Debug|Any CPU.Build.0 = Debug|Any CPU
		{19A09D9D-0FE2-4296-B709-A9732F9B6F26}.Debug|x64.ActiveCfg = Debug|Any CPU
		{19A09D9D-0FE2-4296-B709-A9732F9B6F26}.Debug|x64.Build.0 = Debug|Any CPU
		{19A09D9D-0FE2-4296-B709-A9732F9B6F26}.Debug|x86.ActiveCfg = Debug|Any CPU
		{19A09D9D-0FE2-4296-B709-A9732F9B6F26}.Debug|x86.Build.0 = Debug|Any CPU
		{19A09D9D-0FE2-4296-B709-A9732F9B6F26}.Release|Any CPU.ActiveCfg = Release|Any CPU
		{19A09D9D-0FE2-4296-B709-A9732F9B6F26}.Release|Any CPU.Build.0 = Release|Any CPU
		{19A09D9D-0FE2-4296-B709-A9732F9B6F26}.Release|x64.ActiveCfg = Release|Any CPU
		{19A09D9D-0FE2-4296-B709-A9732F9B6F26}.Release|x64.Build.0 = Release|Any CPU
		{19A09D9D-0FE2-4296-B709-A9732F9B6F26}.Release|x86.ActiveCfg = Release|Any CPU
		{19A09D9D-0FE2-4296-B709-A9732F9B6F26}.Release|x86.Build.0 = Release|Any CPU
		{E61D3433-4903-4076-8C9B-BE45C21BCB2B}.Debug|Any CPU.ActiveCfg = Debug|Any CPU
		{E61D3433-4903-4076-8C9B-BE45C21BCB2B}.Debug|Any CPU.Build.0 = Debug|Any CPU
		{E61D3433-4903-4076-8C9B-BE45C21BCB2B}.Debug|x64.ActiveCfg = Debug|Any CPU
		{E61D3433-4903-4076-8C9B-BE45C21BCB2B}.Debug|x64.Build.0 = Debug|Any CPU
		{E61D3433-4903-4076-8C9B-BE45C21BCB2B}.Debug|x86.ActiveCfg = Debug|Any CPU
		{E61D3433-4903-4076-8C9B-BE45C21BCB2B}.Debug|x86.Build.0 = Debug|Any CPU
		{E61D3433-4903-4076-8C9B-BE45C21BCB2B}.Release|Any CPU.ActiveCfg = Release|Any CPU
		{E61D3433-4903-4076-8C9B-BE45C21BCB2B}.Release|Any CPU.Build.0 = Release|Any CPU
		{E61D3433-4903-4076-8C9B-BE45C21BCB2B}.Release|x64.ActiveCfg = Release|Any CPU
		{E61D3433-4903-4076-8C9B-BE45C21BCB2B}.Release|x64.Build.0 = Release|Any CPU
		{E61D3433-4903-4076-8C9B-BE45C21BCB2B}.Release|x86.ActiveCfg = Release|Any CPU
		{E61D3433-4903-4076-8C9B-BE45C21BCB2B}.Release|x86.Build.0 = Release|Any CPU
		{995D2A95-EE83-4412-BE9A-13B12061D96C}.Debug|Any CPU.ActiveCfg = Debug|Any CPU
		{995D2A95-EE83-4412-BE9A-13B12061D96C}.Debug|Any CPU.Build.0 = Debug|Any CPU
		{995D2A95-EE83-4412-BE9A-13B12061D96C}.Debug|x64.ActiveCfg = Debug|Any CPU
		{995D2A95-EE83-4412-BE9A-13B12061D96C}.Debug|x64.Build.0 = Debug|Any CPU
		{995D2A95-EE83-4412-BE9A-13B12061D96C}.Debug|x86.ActiveCfg = Debug|Any CPU
		{995D2A95-EE83-4412-BE9A-13B12061D96C}.Debug|x86.Build.0 = Debug|Any CPU
		{995D2A95-EE83-4412-BE9A-13B12061D96C}.Release|Any CPU.ActiveCfg = Release|Any CPU
		{995D2A95-EE83-4412-BE9A-13B12061D96C}.Release|Any CPU.Build.0 = Release|Any CPU
		{995D2A95-EE83-4412-BE9A-13B12061D96C}.Release|x64.ActiveCfg = Release|Any CPU
		{995D2A95-EE83-4412-BE9A-13B12061D96C}.Release|x64.Build.0 = Release|Any CPU
		{995D2A95-EE83-4412-BE9A-13B12061D96C}.Release|x86.ActiveCfg = Release|Any CPU
		{995D2A95-EE83-4412-BE9A-13B12061D96C}.Release|x86.Build.0 = Release|Any CPU
		{402BAF65-A799-410B-B141-48D4827ACA5F}.Debug|Any CPU.ActiveCfg = Debug|Any CPU
		{402BAF65-A799-410B-B141-48D4827ACA5F}.Debug|Any CPU.Build.0 = Debug|Any CPU
		{402BAF65-A799-410B-B141-48D4827ACA5F}.Debug|x64.ActiveCfg = Debug|Any CPU
		{402BAF65-A799-410B-B141-48D4827ACA5F}.Debug|x64.Build.0 = Debug|Any CPU
		{402BAF65-A799-410B-B141-48D4827ACA5F}.Debug|x86.ActiveCfg = Debug|Any CPU
		{402BAF65-A799-410B-B141-48D4827ACA5F}.Debug|x86.Build.0 = Debug|Any CPU
		{402BAF65-A799-410B-B141-48D4827ACA5F}.Release|Any CPU.ActiveCfg = Release|Any CPU
		{402BAF65-A799-410B-B141-48D4827ACA5F}.Release|Any CPU.Build.0 = Release|Any CPU
		{402BAF65-A799-410B-B141-48D4827ACA5F}.Release|x64.ActiveCfg = Release|Any CPU
		{402BAF65-A799-410B-B141-48D4827ACA5F}.Release|x64.Build.0 = Release|Any CPU
		{402BAF65-A799-410B-B141-48D4827ACA5F}.Release|x86.ActiveCfg = Release|Any CPU
		{402BAF65-A799-410B-B141-48D4827ACA5F}.Release|x86.Build.0 = Release|Any CPU
		{41C0E015-5FE3-4448-9A6B-C12F5CD7E2A3}.Debug|Any CPU.ActiveCfg = Debug|Any CPU
		{41C0E015-5FE3-4448-9A6B-C12F5CD7E2A3}.Debug|Any CPU.Build.0 = Debug|Any CPU
		{41C0E015-5FE3-4448-9A6B-C12F5CD7E2A3}.Debug|x64.ActiveCfg = Debug|Any CPU
		{41C0E015-5FE3-4448-9A6B-C12F5CD7E2A3}.Debug|x64.Build.0 = Debug|Any CPU
		{41C0E015-5FE3-4448-9A6B-C12F5CD7E2A3}.Debug|x86.ActiveCfg = Debug|Any CPU
		{41C0E015-5FE3-4448-9A6B-C12F5CD7E2A3}.Debug|x86.Build.0 = Debug|Any CPU
		{41C0E015-5FE3-4448-9A6B-C12F5CD7E2A3}.Release|Any CPU.ActiveCfg = Release|Any CPU
		{41C0E015-5FE3-4448-9A6B-C12F5CD7E2A3}.Release|Any CPU.Build.0 = Release|Any CPU
		{41C0E015-5FE3-4448-9A6B-C12F5CD7E2A3}.Release|x64.ActiveCfg = Release|Any CPU
		{41C0E015-5FE3-4448-9A6B-C12F5CD7E2A3}.Release|x64.Build.0 = Release|Any CPU
		{41C0E015-5FE3-4448-9A6B-C12F5CD7E2A3}.Release|x86.ActiveCfg = Release|Any CPU
		{41C0E015-5FE3-4448-9A6B-C12F5CD7E2A3}.Release|x86.Build.0 = Release|Any CPU
		{78D03B67-42DB-456D-87A4-E227D9376BE5}.Debug|Any CPU.ActiveCfg = Debug|Any CPU
		{78D03B67-42DB-456D-87A4-E227D9376BE5}.Debug|Any CPU.Build.0 = Debug|Any CPU
		{78D03B67-42DB-456D-87A4-E227D9376BE5}.Debug|x64.ActiveCfg = Debug|Any CPU
		{78D03B67-42DB-456D-87A4-E227D9376BE5}.Debug|x64.Build.0 = Debug|Any CPU
		{78D03B67-42DB-456D-87A4-E227D9376BE5}.Debug|x86.ActiveCfg = Debug|Any CPU
		{78D03B67-42DB-456D-87A4-E227D9376BE5}.Debug|x86.Build.0 = Debug|Any CPU
		{78D03B67-42DB-456D-87A4-E227D9376BE5}.Release|Any CPU.ActiveCfg = Release|Any CPU
		{78D03B67-42DB-456D-87A4-E227D9376BE5}.Release|Any CPU.Build.0 = Release|Any CPU
		{78D03B67-42DB-456D-87A4-E227D9376BE5}.Release|x64.ActiveCfg = Release|Any CPU
		{78D03B67-42DB-456D-87A4-E227D9376BE5}.Release|x64.Build.0 = Release|Any CPU
		{78D03B67-42DB-456D-87A4-E227D9376BE5}.Release|x86.ActiveCfg = Release|Any CPU
		{78D03B67-42DB-456D-87A4-E227D9376BE5}.Release|x86.Build.0 = Release|Any CPU
		{2B9674ED-0C41-4E42-925B-84E852E707E6}.Debug|Any CPU.ActiveCfg = Debug|Any CPU
		{2B9674ED-0C41-4E42-925B-84E852E707E6}.Debug|Any CPU.Build.0 = Debug|Any CPU
		{2B9674ED-0C41-4E42-925B-84E852E707E6}.Debug|x64.ActiveCfg = Debug|Any CPU
		{2B9674ED-0C41-4E42-925B-84E852E707E6}.Debug|x64.Build.0 = Debug|Any CPU
		{2B9674ED-0C41-4E42-925B-84E852E707E6}.Debug|x86.ActiveCfg = Debug|Any CPU
		{2B9674ED-0C41-4E42-925B-84E852E707E6}.Debug|x86.Build.0 = Debug|Any CPU
		{2B9674ED-0C41-4E42-925B-84E852E707E6}.Release|Any CPU.ActiveCfg = Release|Any CPU
		{2B9674ED-0C41-4E42-925B-84E852E707E6}.Release|Any CPU.Build.0 = Release|Any CPU
		{2B9674ED-0C41-4E42-925B-84E852E707E6}.Release|x64.ActiveCfg = Release|Any CPU
		{2B9674ED-0C41-4E42-925B-84E852E707E6}.Release|x64.Build.0 = Release|Any CPU
		{2B9674ED-0C41-4E42-925B-84E852E707E6}.Release|x86.ActiveCfg = Release|Any CPU
		{2B9674ED-0C41-4E42-925B-84E852E707E6}.Release|x86.Build.0 = Release|Any CPU
		{05B17014-261A-4384-AD73-F327B846B592}.Debug|Any CPU.ActiveCfg = Debug|Any CPU
		{05B17014-261A-4384-AD73-F327B846B592}.Debug|Any CPU.Build.0 = Debug|Any CPU
		{05B17014-261A-4384-AD73-F327B846B592}.Debug|x64.ActiveCfg = Debug|Any CPU
		{05B17014-261A-4384-AD73-F327B846B592}.Debug|x64.Build.0 = Debug|Any CPU
		{05B17014-261A-4384-AD73-F327B846B592}.Debug|x86.ActiveCfg = Debug|Any CPU
		{05B17014-261A-4384-AD73-F327B846B592}.Debug|x86.Build.0 = Debug|Any CPU
		{05B17014-261A-4384-AD73-F327B846B592}.Release|Any CPU.ActiveCfg = Release|Any CPU
		{05B17014-261A-4384-AD73-F327B846B592}.Release|Any CPU.Build.0 = Release|Any CPU
		{05B17014-261A-4384-AD73-F327B846B592}.Release|x64.ActiveCfg = Release|Any CPU
		{05B17014-261A-4384-AD73-F327B846B592}.Release|x64.Build.0 = Release|Any CPU
		{05B17014-261A-4384-AD73-F327B846B592}.Release|x86.ActiveCfg = Release|Any CPU
		{05B17014-261A-4384-AD73-F327B846B592}.Release|x86.Build.0 = Release|Any CPU
		{11B236EC-4C71-4350-BCF6-90B23C39EEC7}.Debug|Any CPU.ActiveCfg = Debug|Any CPU
		{11B236EC-4C71-4350-BCF6-90B23C39EEC7}.Debug|Any CPU.Build.0 = Debug|Any CPU
		{11B236EC-4C71-4350-BCF6-90B23C39EEC7}.Debug|x64.ActiveCfg = Debug|Any CPU
		{11B236EC-4C71-4350-BCF6-90B23C39EEC7}.Debug|x64.Build.0 = Debug|Any CPU
		{11B236EC-4C71-4350-BCF6-90B23C39EEC7}.Debug|x86.ActiveCfg = Debug|Any CPU
		{11B236EC-4C71-4350-BCF6-90B23C39EEC7}.Debug|x86.Build.0 = Debug|Any CPU
		{11B236EC-4C71-4350-BCF6-90B23C39EEC7}.Release|Any CPU.ActiveCfg = Release|Any CPU
		{11B236EC-4C71-4350-BCF6-90B23C39EEC7}.Release|Any CPU.Build.0 = Release|Any CPU
		{11B236EC-4C71-4350-BCF6-90B23C39EEC7}.Release|x64.ActiveCfg = Release|Any CPU
		{11B236EC-4C71-4350-BCF6-90B23C39EEC7}.Release|x64.Build.0 = Release|Any CPU
		{11B236EC-4C71-4350-BCF6-90B23C39EEC7}.Release|x86.ActiveCfg = Release|Any CPU
		{11B236EC-4C71-4350-BCF6-90B23C39EEC7}.Release|x86.Build.0 = Release|Any CPU
	EndGlobalSection
	GlobalSection(SolutionProperties) = preSolution
		HideSolutionNode = FALSE
	EndGlobalSection
	GlobalSection(NestedProjects) = preSolution
		{6FD8D7BF-E835-4038-8579-D214990C9E05} = {35C5F59B-CB11-4839-B91C-0D01153A9B14}
		{4CF6669C-D061-4489-A954-CDBE88BD29D1} = {35C5F59B-CB11-4839-B91C-0D01153A9B14}
		{CC9A223D-1F78-4275-AF7F-2697AF9C352B} = {35C5F59B-CB11-4839-B91C-0D01153A9B14}
		{ECE9AFD6-ADE1-4E3A-B7E0-48D2B4765B0D} = {6259341D-ACF2-49A2-ABAF-E6F53C92A075}
		{EE57193C-B13A-4298-B58E-1BB0E2D07660} = {5DCF0F81-0CAB-4CD7-9B45-F282A563CA4D}
		{AA96E298-6FFF-4C81-B887-F41848F99017} = {1005BFFD-6950-4DCC-AD93-782BA8F7E3D0}
		{D58A3F09-8863-4D19-BADD-DAF8112BD313} = {139500FA-1089-4E0F-BCCE-7E70A15A4817}
		{2F1FDE8C-F2CD-4362-A309-E53C4443D94E} = {1005BFFD-6950-4DCC-AD93-782BA8F7E3D0}
		{9BE88764-6812-4D8E-A604-0C03003FD1EC} = {331600A5-8D60-4F0D-99F8-DA0E8E1ED288}
		{8D043128-D45C-4865-8394-A309C5A2A88B} = {331600A5-8D60-4F0D-99F8-DA0E8E1ED288}
		{4A4F7116-227F-485F-BF76-C0FDCD75020B} = {6259341D-ACF2-49A2-ABAF-E6F53C92A075}
		{5FFB641A-2F5C-4DEB-9E9F-8FE304E9281E} = {6259341D-ACF2-49A2-ABAF-E6F53C92A075}
		{33C846AB-84E9-4E57-83B8-51BF1E833940} = {331600A5-8D60-4F0D-99F8-DA0E8E1ED288}
		{1B60B9F6-964D-4E68-9534-06DD857FB0C2} = {FDC86F42-F08F-42C2-AB95-2950E0F77D9C}
		{3EEDA9BB-C6ED-4F7B-BC12-61A77BFCDBB4} = {7950AF75-616A-40E3-A141-E25515F2F47F}
		{726C5DDC-2722-45DA-AE91-BCEEC0A2844F} = {139500FA-1089-4E0F-BCCE-7E70A15A4817}
		{C68F87CE-F527-45F6-BDBE-2180851EA718} = {6259341D-ACF2-49A2-ABAF-E6F53C92A075}
		{05507B6E-BF4A-44D4-9F19-E7E54134F443} = {FDC86F42-F08F-42C2-AB95-2950E0F77D9C}
		{F68F6472-F005-4591-A944-6A75F048439C} = {6259341D-ACF2-49A2-ABAF-E6F53C92A075}
		{FD8E13C6-DE03-4065-90CE-014AAA3F1E55} = {6259341D-ACF2-49A2-ABAF-E6F53C92A075}
		{3F8AB3F8-7BE7-4A73-B3B4-6F1B181B4F8C} = {6259341D-ACF2-49A2-ABAF-E6F53C92A075}
		{87B2E13A-507B-4284-95DA-FC2A0DD296CC} = {5E2671B6-8AC4-4B16-9371-474C35611AA1}
		{23BE184A-8909-4FC9-9301-1CCD93100F2D} = {5E2671B6-8AC4-4B16-9371-474C35611AA1}
		{5E2671B6-8AC4-4B16-9371-474C35611AA1} = {30513A6D-8B0C-48B3-9192-37CDAF98D2B6}
		{6259341D-ACF2-49A2-ABAF-E6F53C92A075} = {30513A6D-8B0C-48B3-9192-37CDAF98D2B6}
		{7950AF75-616A-40E3-A141-E25515F2F47F} = {30513A6D-8B0C-48B3-9192-37CDAF98D2B6}
		{5DCF0F81-0CAB-4CD7-9B45-F282A563CA4D} = {30513A6D-8B0C-48B3-9192-37CDAF98D2B6}
		{1005BFFD-6950-4DCC-AD93-782BA8F7E3D0} = {30513A6D-8B0C-48B3-9192-37CDAF98D2B6}
		{139500FA-1089-4E0F-BCCE-7E70A15A4817} = {30513A6D-8B0C-48B3-9192-37CDAF98D2B6}
		{FDC86F42-F08F-42C2-AB95-2950E0F77D9C} = {30513A6D-8B0C-48B3-9192-37CDAF98D2B6}
		{331600A5-8D60-4F0D-99F8-DA0E8E1ED288} = {30513A6D-8B0C-48B3-9192-37CDAF98D2B6}
		{35C5F59B-CB11-4839-B91C-0D01153A9B14} = {30513A6D-8B0C-48B3-9192-37CDAF98D2B6}
		{A4C03EC9-C9D9-4322-BFE7-6C88C5E2CC17} = {30513A6D-8B0C-48B3-9192-37CDAF98D2B6}
		{402BAF65-A799-410B-B141-48D4827ACA5F} = {5DCF0F81-0CAB-4CD7-9B45-F282A563CA4D}
		{41C0E015-5FE3-4448-9A6B-C12F5CD7E2A3} = {30513A6D-8B0C-48B3-9192-37CDAF98D2B6}
		{60C6A617-373B-49B7-B985-D54C667E9454} = {30513A6D-8B0C-48B3-9192-37CDAF98D2B6}
		{2B9674ED-0C41-4E42-925B-84E852E707E6} = {60C6A617-373B-49B7-B985-D54C667E9454}
		{05B17014-261A-4384-AD73-F327B846B592} = {60C6A617-373B-49B7-B985-D54C667E9454}
		{C95CC536-0487-4EEC-BAC9-4EFA303D0FEB} = {8E2A0674-20EC-46FA-956A-413F74F8E3DC}
		{19A09D9D-0FE2-4296-B709-A9732F9B6F26} = {C95CC536-0487-4EEC-BAC9-4EFA303D0FEB}
		{7517B917-5BEA-427B-A3CE-355DF8E45CD3} = {8E2A0674-20EC-46FA-956A-413F74F8E3DC}
		{78D03B67-42DB-456D-87A4-E227D9376BE5} = {7517B917-5BEA-427B-A3CE-355DF8E45CD3}
		{995D2A95-EE83-4412-BE9A-13B12061D96C} = {7517B917-5BEA-427B-A3CE-355DF8E45CD3}
		{11B236EC-4C71-4350-BCF6-90B23C39EEC7} = {30513A6D-8B0C-48B3-9192-37CDAF98D2B6}
	EndGlobalSection
	GlobalSection(ExtensibilityGlobals) = postSolution
		SolutionGuid = {2A6BAB7E-0585-47F3-AFD4-3B12E3598AF0}
	EndGlobalSection
EndGlobal
